// !$*UTF8*$!
{
	archiveVersion = 1;
	classes = {
	};
	objectVersion = 46;
	objects = {

/* Begin PBXAggregateTarget section */
		4CFDD2EDB8F242AEB06EB480 /* ZERO_CHECK */ = {
			isa = PBXAggregateTarget;
			buildConfigurationList = 38AD401FDBF140D1B3F96E9F /* Build configuration list for PBXAggregateTarget "ZERO_CHECK" */;
			buildPhases = (
				5CC6AF3ADA2C925AFFEB6253 /* Generate CMakeFiles/ZERO_CHECK */,
			);
			dependencies = (
			);
			name = ZERO_CHECK;
			productName = ZERO_CHECK;
		};
		5EB18A24724C48C7B651960B /* ALL_BUILD */ = {
			isa = PBXAggregateTarget;
			buildConfigurationList = DD049895B1FD48B09B3E0D34 /* Build configuration list for PBXAggregateTarget "ALL_BUILD" */;
			buildPhases = (
				250CBE123758CA9590BC499A /* Generate CMakeFiles/ALL_BUILD */,
			);
			dependencies = (
				9531E4BC65E6403591DBE014 /* PBXTargetDependency */,
				C9544D9CFCCB45E79C3567ED /* PBXTargetDependency */,
			);
			name = ALL_BUILD;
			productName = ALL_BUILD;
		};
/* End PBXAggregateTarget section */

/* Begin PBXBuildFile section */
		3A52826226084BBBAEC5DB87 /* /Users/xss/dmax/DemoIccMAX-master/IccXML/CmdLine/IccFromXml/CMakeLists.txt */ = {isa = PBXBuildFile; fileRef = 43AA16E09DA1496EB8DB836B /* /Users/xss/dmax/DemoIccMAX-master/IccXML/CmdLine/IccFromXml/CMakeLists.txt */; };
		B2BDFB789A8645F8A4CC20F3 /* /Users/xss/dmax/DemoIccMAX-master/IccXML/CmdLine/IccFromXml/IccFromXml.cpp */ = {isa = PBXBuildFile; fileRef = E215DEE5144848639F9230E0 /* /Users/xss/dmax/DemoIccMAX-master/IccXML/CmdLine/IccFromXml/IccFromXml.cpp */; };
/* End PBXBuildFile section */

/* Begin PBXBuildStyle section */
		24B92395B8A745028A44FBCA /* MinSizeRel */ = {
			isa = PBXBuildStyle;
			buildSettings = {
				COPY_PHASE_STRIP = NO;
			};
			name = MinSizeRel;
		};
		8C8B536A1A1748E8A442D9CA /* Release */ = {
			isa = PBXBuildStyle;
			buildSettings = {
				COPY_PHASE_STRIP = NO;
			};
			name = Release;
		};
		F245AE56F57D44BC87FB5A9B /* Debug */ = {
			isa = PBXBuildStyle;
			buildSettings = {
				COPY_PHASE_STRIP = NO;
			};
			name = Debug;
		};
		F27C912E35864EC48CF9CFB4 /* RelWithDebInfo */ = {
			isa = PBXBuildStyle;
			buildSettings = {
				COPY_PHASE_STRIP = NO;
			};
			name = RelWithDebInfo;
		};
/* End PBXBuildStyle section */

/* Begin PBXContainerItemProxy section */
		4BA62E166B8D4AF58DE2B40B /* PBXContainerItemProxy */ = {
			isa = PBXContainerItemProxy;
			containerPortal = 3996D935F14246888414F70F /* Project object */;
			proxyType = 1;
			remoteGlobalIDString = 0CC2FEBBE143401CBCD314F6;
			remoteInfo = iccFromXml;
		};
		8B911AEB436448C58788DD24 /* PBXContainerItemProxy */ = {
			isa = PBXContainerItemProxy;
			containerPortal = 3996D935F14246888414F70F /* Project object */;
			proxyType = 1;
			remoteGlobalIDString = 4CFDD2EDB8F242AEB06EB480;
			remoteInfo = ZERO_CHECK;
		};
		8C7045AA7A5F498E960A91D7 /* PBXContainerItemProxy */ = {
			isa = PBXContainerItemProxy;
			containerPortal = 3996D935F14246888414F70F /* Project object */;
			proxyType = 1;
			remoteGlobalIDString = 4CFDD2EDB8F242AEB06EB480;
			remoteInfo = ZERO_CHECK;
		};
/* End PBXContainerItemProxy section */

/* Begin PBXFileReference section */
		259990E9BDFA4DA4A28F1CE1 /* /Users/xss/dmax/DemoIccMAX-master/IccXML/CmdLine/IccFromXml/CMakeLists.txt */ = {isa = PBXFileReference; explicitFileType = sourcecode.text; fileEncoding = 4; name = CMakeLists.txt; path = CMakeLists.txt; sourceTree = SOURCE_ROOT; };
		2DCE5A97943D47418C592C2D /* iccFromXml */ = {isa = PBXFileReference; explicitFileType = "compiled.mach-o.executable"; path = iccFromXml; sourceTree = BUILT_PRODUCTS_DIR; };
		43AA16E09DA1496EB8DB836B /* /Users/xss/dmax/DemoIccMAX-master/IccXML/CmdLine/IccFromXml/CMakeLists.txt */ = {isa = PBXFileReference; explicitFileType = sourcecode.text; fileEncoding = 4; name = CMakeLists.txt; path = CMakeLists.txt; sourceTree = SOURCE_ROOT; };
		E215DEE5144848639F9230E0 /* /Users/xss/dmax/DemoIccMAX-master/IccXML/CmdLine/IccFromXml/IccFromXml.cpp */ = {isa = PBXFileReference; explicitFileType = sourcecode.cpp.cpp; fileEncoding = 4; name = IccFromXml.cpp; path = IccFromXml.cpp; sourceTree = SOURCE_ROOT; };
/* End PBXFileReference section */

/* Begin PBXFrameworksBuildPhase section */
		A450390911BB49598E83A812 /* Frameworks */ = {
			isa = PBXFrameworksBuildPhase;
			buildActionMask = 2147483647;
			files = (
			);
			runOnlyForDeploymentPostprocessing = 0;
		};
/* End PBXFrameworksBuildPhase section */

/* Begin PBXGroup section */
		0536B3D0FF1246ADB10D1309 /* Products */ = {
			isa = PBXGroup;
			children = (
				2DCE5A97943D47418C592C2D /* iccFromXml */,
			);
			name = Products;
			sourceTree = "<group>";
		};
		28EFE988C4094A12974BCA1F /* CMake Rules */ = {
			isa = PBXGroup;
			children = (
			);
			name = "CMake Rules";
			sourceTree = "<group>";
		};
		2A675F36E68C4708B4BC2F14 /* Resources */ = {
			isa = PBXGroup;
			children = (
			);
			name = Resources;
			sourceTree = "<group>";
		};
		72EF81BDE45F46DAAF931BF9 /* ALL_BUILD */ = {
			isa = PBXGroup;
			children = (
				28EFE988C4094A12974BCA1F /* CMake Rules */,
				259990E9BDFA4DA4A28F1CE1 /* /Users/xss/dmax/DemoIccMAX-master/IccXML/CmdLine/IccFromXml/CMakeLists.txt */,
			);
			name = ALL_BUILD;
			sourceTree = "<group>";
		};
		7FDAF74326DB4DBAB704E2F5 /* iccFromXml */ = {
			isa = PBXGroup;
			children = (
				82C388E0349E46298F9AF273 /* Source Files */,
				43AA16E09DA1496EB8DB836B /* /Users/xss/dmax/DemoIccMAX-master/IccXML/CmdLine/IccFromXml/CMakeLists.txt */,
			);
			name = iccFromXml;
			sourceTree = "<group>";
		};
		82C388E0349E46298F9AF273 /* Source Files */ = {
			isa = PBXGroup;
			children = (
				E215DEE5144848639F9230E0 /* /Users/xss/dmax/DemoIccMAX-master/IccXML/CmdLine/IccFromXml/IccFromXml.cpp */,
			);
			name = "Source Files";
			sourceTree = "<group>";
		};
		C572060F98E34134912953E0 = {
			isa = PBXGroup;
			children = (
				7FDAF74326DB4DBAB704E2F5 /* iccFromXml */,
				72EF81BDE45F46DAAF931BF9 /* ALL_BUILD */,
				0536B3D0FF1246ADB10D1309 /* Products */,
				D8CCBDD8D9754E3DB5B91E12 /* Frameworks */,
				2A675F36E68C4708B4BC2F14 /* Resources */,
			);
			sourceTree = "<group>";
		};
		D8CCBDD8D9754E3DB5B91E12 /* Frameworks */ = {
			isa = PBXGroup;
			children = (
			);
			name = Frameworks;
			sourceTree = "<group>";
		};
/* End PBXGroup section */

/* Begin PBXNativeTarget section */
		0CC2FEBBE143401CBCD314F6 /* iccFromXml */ = {
			isa = PBXNativeTarget;
			buildConfigurationList = 37A1497B7CDE4DC5B9697916 /* Build configuration list for PBXNativeTarget "iccFromXml" */;
			buildPhases = (
				C1F34EE727E144FBB80795B5 /* Sources */,
				A450390911BB49598E83A812 /* Frameworks */,
			);
			buildRules = (
			);
			dependencies = (
				489519AD71814FFB9A7FD8E4 /* PBXTargetDependency */,
			);
			name = iccFromXml;
			productName = iccFromXml;
			productReference = 2DCE5A97943D47418C592C2D /* iccFromXml */;
			productType = "com.apple.product-type.tool";
		};
/* End PBXNativeTarget section */

/* Begin PBXProject section */
		3996D935F14246888414F70F /* Project object */ = {
			isa = PBXProject;
			attributes = {
				BuildIndependentTargetsInParallel = YES;
				LastUpgradeCheck = 1540;
			};
			buildConfigurationList = 106F549FA0E440E186690515 /* Build configuration list for PBXProject "IccFromXml" */;
			buildSettings = {
			};
			buildStyles = (
				F245AE56F57D44BC87FB5A9B /* Debug */,
				8C8B536A1A1748E8A442D9CA /* Release */,
				24B92395B8A745028A44FBCA /* MinSizeRel */,
				F27C912E35864EC48CF9CFB4 /* RelWithDebInfo */,
			);
			compatibilityVersion = "Xcode 3.2";
			hasScannedForEncodings = 0;
			mainGroup = C572060F98E34134912953E0;
			projectDirPath = .;
			projectRoot = "";
			targets = (
				5EB18A24724C48C7B651960B /* ALL_BUILD */,
				4CFDD2EDB8F242AEB06EB480 /* ZERO_CHECK */,
				0CC2FEBBE143401CBCD314F6 /* iccFromXml */,
			);
		};
/* End PBXProject section */

/* Begin PBXShellScriptBuildPhase section */
		250CBE123758CA9590BC499A /* Generate CMakeFiles/ALL_BUILD */ = {
			isa = PBXShellScriptBuildPhase;
			alwaysOutOfDate = 1;
			buildActionMask = 2147483647;
			files = (
			);
			inputPaths = (
			);
			name = "Generate CMakeFiles/ALL_BUILD";
			outputPaths = (
"/Users/xss/dmax/DemoIccMAX-master/IccXML/CmdLine/IccFromXml/CMakeFiles/ALL_BUILD"			);
			runOnlyForDeploymentPostprocessing = 0;
			shellPath = /bin/sh;
			shellScript = "set -e
if test \"$CONFIGURATION\" = \"Debug\"; then :
  cd /Users/xss/dmax/DemoIccMAX-master/IccXML/CmdLine/IccFromXml
  echo Build\\ all\\ projects
fi
if test \"$CONFIGURATION\" = \"Release\"; then :
  cd /Users/xss/dmax/DemoIccMAX-master/IccXML/CmdLine/IccFromXml
  echo Build\\ all\\ projects
fi
if test \"$CONFIGURATION\" = \"MinSizeRel\"; then :
  cd /Users/xss/dmax/DemoIccMAX-master/IccXML/CmdLine/IccFromXml
  echo Build\\ all\\ projects
fi
if test \"$CONFIGURATION\" = \"RelWithDebInfo\"; then :
  cd /Users/xss/dmax/DemoIccMAX-master/IccXML/CmdLine/IccFromXml
  echo Build\\ all\\ projects
fi
";
			showEnvVarsInLog = 0;
		};
		3C0110FC8322DE7E50886E21 = {
			isa = PBXShellScriptBuildPhase;
			buildActionMask = 2147483647;
			files = (
			);
			inputPaths = (
			);
			outputPaths = (
			);
			runOnlyForDeploymentPostprocessing = 0;
			shellPath = /bin/sh;
			shellScript = "# shell script goes here
exit 0";
			showEnvVarsInLog = 0;
		};
		5CC6AF3ADA2C925AFFEB6253 /* Generate CMakeFiles/ZERO_CHECK */ = {
			isa = PBXShellScriptBuildPhase;
			alwaysOutOfDate = 1;
			buildActionMask = 2147483647;
			files = (
			);
			inputPaths = (
			);
			name = "Generate CMakeFiles/ZERO_CHECK";
			outputPaths = (
"/Users/xss/dmax/DemoIccMAX-master/IccXML/CmdLine/IccFromXml/CMakeFiles/ZERO_CHECK"			);
			runOnlyForDeploymentPostprocessing = 0;
			shellPath = /bin/sh;
			shellScript = "set -e
if test \"$CONFIGURATION\" = \"Debug\"; then :
  cd /Users/xss/dmax/DemoIccMAX-master/IccXML/CmdLine/IccFromXml
  make -f /Users/xss/dmax/DemoIccMAX-master/IccXML/CmdLine/IccFromXml/CMakeScripts/ReRunCMake.make
fi
if test \"$CONFIGURATION\" = \"Release\"; then :
  cd /Users/xss/dmax/DemoIccMAX-master/IccXML/CmdLine/IccFromXml
  make -f /Users/xss/dmax/DemoIccMAX-master/IccXML/CmdLine/IccFromXml/CMakeScripts/ReRunCMake.make
fi
if test \"$CONFIGURATION\" = \"MinSizeRel\"; then :
  cd /Users/xss/dmax/DemoIccMAX-master/IccXML/CmdLine/IccFromXml
  make -f /Users/xss/dmax/DemoIccMAX-master/IccXML/CmdLine/IccFromXml/CMakeScripts/ReRunCMake.make
fi
if test \"$CONFIGURATION\" = \"RelWithDebInfo\"; then :
  cd /Users/xss/dmax/DemoIccMAX-master/IccXML/CmdLine/IccFromXml
  make -f /Users/xss/dmax/DemoIccMAX-master/IccXML/CmdLine/IccFromXml/CMakeScripts/ReRunCMake.make
fi
";
			showEnvVarsInLog = 0;
		};
		9B50530E35CC49C82C2FACCF = {
			isa = PBXShellScriptBuildPhase;
			buildActionMask = 2147483647;
			files = (
			);
			inputPaths = (
			);
			outputPaths = (
			);
			runOnlyForDeploymentPostprocessing = 0;
			shellPath = /bin/sh;
			shellScript = "# shell script goes here
exit 0";
			showEnvVarsInLog = 0;
		};
/* End PBXShellScriptBuildPhase section */

/* Begin PBXSourcesBuildPhase section */
		C1F34EE727E144FBB80795B5 /* Sources */ = {
			isa = PBXSourcesBuildPhase;
			buildActionMask = 2147483647;
			files = (
				B2BDFB789A8645F8A4CC20F3 /* /Users/xss/dmax/DemoIccMAX-master/IccXML/CmdLine/IccFromXml/IccFromXml.cpp */,
			);
			runOnlyForDeploymentPostprocessing = 0;
		};
/* End PBXSourcesBuildPhase section */

/* Begin PBXTargetDependency section */
		489519AD71814FFB9A7FD8E4 /* PBXTargetDependency */ = {
			isa = PBXTargetDependency;
			target = 4CFDD2EDB8F242AEB06EB480 /* ZERO_CHECK */;
			targetProxy = 8C7045AA7A5F498E960A91D7 /* PBXContainerItemProxy */;
		};
		9531E4BC65E6403591DBE014 /* PBXTargetDependency */ = {
			isa = PBXTargetDependency;
			target = 0CC2FEBBE143401CBCD314F6 /* iccFromXml */;
			targetProxy = 4BA62E166B8D4AF58DE2B40B /* PBXContainerItemProxy */;
		};
		C9544D9CFCCB45E79C3567ED /* PBXTargetDependency */ = {
			isa = PBXTargetDependency;
			target = 4CFDD2EDB8F242AEB06EB480 /* ZERO_CHECK */;
			targetProxy = 8B911AEB436448C58788DD24 /* PBXContainerItemProxy */;
		};
/* End PBXTargetDependency section */

/* Begin XCBuildConfiguration section */
		19BDF8E1DF2D4A92BE4DD1C6 /* Debug */ = {
			isa = XCBuildConfiguration;
			buildSettings = {
				ALWAYS_SEARCH_USER_PATHS = NO;
				ARCHS = x86_64;
				COMBINE_HIDPI_IMAGES = YES;
				CONFIGURATION_BUILD_DIR = "/Users/xss/dmax/DemoIccMAX-master/IccXML/CmdLine/IccFromXml/Debug";
				EXECUTABLE_PREFIX = "";
				EXECUTABLE_SUFFIX = "";
				GCC_GENERATE_DEBUGGING_SYMBOLS = YES;
				GCC_INLINES_ARE_PRIVATE_EXTERN = NO;
				GCC_OPTIMIZATION_LEVEL = 0;
				GCC_PREPROCESSOR_DEFINITIONS = ("'CMAKE_INTDIR=\"$(CONFIGURATION)$(EFFECTIVE_PLATFORM_NAME)\"'","$(inherited)");
				GCC_SYMBOLS_PRIVATE_EXTERN = NO;
				HEADER_SEARCH_PATHS = ("/Users/xss/dmax/DemoIccMAX-master/IccXML/CmdLine/IccFromXml/../../../IccProfLib","/Users/xss/dmax/DemoIccMAX-master/IccXML/CmdLine/IccFromXml/../..","/Users/xss/dmax/DemoIccMAX-master/IccXML/CmdLine/IccFromXml/../../IccLibXML","$(inherited)");
				INSTALL_PATH = "";
				LD_RUNPATH_SEARCH_PATHS = ("/Users/xss/dmax/DemoIccMAX-master/IccXML/CmdLine/IccFromXml/../../../Build/IccProfLib /Users/xss/dmax/DemoIccMAX-master/IccXML/CmdLine/IccFromXml/../../../Build/IccXML","$(inherited)");
				LIBRARY_SEARCH_PATHS = ("/Users/xss/dmax/DemoIccMAX-master/IccXML/CmdLine/IccFromXml/../../../Build/IccProfLib/$(CONFIGURATION)$(EFFECTIVE_PLATFORM_NAME)","/Users/xss/dmax/DemoIccMAX-master/IccXML/CmdLine/IccFromXml/../../../Build/IccProfLib","/Users/xss/dmax/DemoIccMAX-master/IccXML/CmdLine/IccFromXml/../../../Build/IccXML/$(CONFIGURATION)$(EFFECTIVE_PLATFORM_NAME)","/Users/xss/dmax/DemoIccMAX-master/IccXML/CmdLine/IccFromXml/../../../Build/IccXML","$(inherited)");
				ONLY_ACTIVE_ARCH = NO;
				OTHER_CPLUSPLUSFLAGS = "   ";
				OTHER_LDFLAGS = (" -v -Wl,-v -Wl,-search_paths_first -Wl,-headerpad_max_install_names","-lIccProfLib2.2","-lIccXML2.2","$(inherited)");
				OTHER_REZFLAGS = "";
				PRODUCT_NAME = iccFromXml;
				SECTORDER_FLAGS = "";
				TARGET_TEMP_DIR = "/Users/xss/dmax/DemoIccMAX-master/IccXML/CmdLine/IccFromXml/build/iccFromXml.build/$(CONFIGURATION)$(EFFECTIVE_PLATFORM_NAME)";
				USE_HEADERMAP = NO;
				WARNING_CFLAGS = ("$(inherited)");
			};
			name = RelWithDebInfo;
		};
<<<<<<< HEAD
		0D0CEFB7D5684B9DBDB08CAC /* MinSizeRel */ = {
			isa = XCBuildConfiguration;
			buildSettings = {
				ARCHS = x86_64;
				SDKROOT = /Applications/Xcode.app/Contents/Developer/Platforms/MacOSX.platform/Developer/SDKs/MacOSX.sdk;
				SWIFT_COMPILATION_MODE = wholemodule;
				SYMROOT = "/DemoIccMAX-master/IccXML/CmdLine/IccFromXml/build/build";
			};
			name = MinSizeRel;
		};
		1F2F8AAAD67A4D8AAEEF3592 /* Debug */ = {
			isa = XCBuildConfiguration;
			buildSettings = {
				ALWAYS_SEARCH_USER_PATHS = NO;
=======
		1EEBDDFEDCC44DB48C2083C1 /* MinSizeRel */ = {
			isa = XCBuildConfiguration;
			buildSettings = {
				ARCHS = x86_64;
				SDKROOT = /Applications/Xcode.app/Contents/Developer/Platforms/MacOSX.platform/Developer/SDKs/MacOSX14.5.sdk;
				SWIFT_COMPILATION_MODE = wholemodule;
				SYMROOT = "/Users/xss/dmax/DemoIccMAX-master/IccXML/CmdLine/IccFromXml/build";
			};
			name = MinSizeRel;
		};
		2353D1ADA67A4222BCEE4D1E /* Release */ = {
			isa = XCBuildConfiguration;
			buildSettings = {
				ALWAYS_SEARCH_USER_PATHS = NO;
				ARCHS = x86_64;
				COMBINE_HIDPI_IMAGES = YES;
				CONFIGURATION_BUILD_DIR = "/Users/xss/dmax/DemoIccMAX-master/IccXML/CmdLine/IccFromXml/Release";
				EXECUTABLE_PREFIX = "";
				EXECUTABLE_SUFFIX = "";
				GCC_GENERATE_DEBUGGING_SYMBOLS = NO;
				GCC_INLINES_ARE_PRIVATE_EXTERN = NO;
				GCC_OPTIMIZATION_LEVEL = 3;
				GCC_PREPROCESSOR_DEFINITIONS = ("'CMAKE_INTDIR=\"$(CONFIGURATION)$(EFFECTIVE_PLATFORM_NAME)\"'","$(inherited)");
				GCC_SYMBOLS_PRIVATE_EXTERN = NO;
				HEADER_SEARCH_PATHS = ("/Users/xss/dmax/DemoIccMAX-master/IccXML/CmdLine/IccFromXml/../../../IccProfLib","/Users/xss/dmax/DemoIccMAX-master/IccXML/CmdLine/IccFromXml/../..","/Users/xss/dmax/DemoIccMAX-master/IccXML/CmdLine/IccFromXml/../../IccLibXML","$(inherited)");
				INSTALL_PATH = "";
				LD_RUNPATH_SEARCH_PATHS = ("/Users/xss/dmax/DemoIccMAX-master/IccXML/CmdLine/IccFromXml/../../../Build/IccProfLib /Users/xss/dmax/DemoIccMAX-master/IccXML/CmdLine/IccFromXml/../../../Build/IccXML","$(inherited)");
				LIBRARY_SEARCH_PATHS = ("/Users/xss/dmax/DemoIccMAX-master/IccXML/CmdLine/IccFromXml/../../../Build/IccProfLib/$(CONFIGURATION)$(EFFECTIVE_PLATFORM_NAME)","/Users/xss/dmax/DemoIccMAX-master/IccXML/CmdLine/IccFromXml/../../../Build/IccProfLib","/Users/xss/dmax/DemoIccMAX-master/IccXML/CmdLine/IccFromXml/../../../Build/IccXML/$(CONFIGURATION)$(EFFECTIVE_PLATFORM_NAME)","/Users/xss/dmax/DemoIccMAX-master/IccXML/CmdLine/IccFromXml/../../../Build/IccXML","$(inherited)");
				ONLY_ACTIVE_ARCH = NO;
				OTHER_CPLUSPLUSFLAGS = "    -DNDEBUG ";
				OTHER_LDFLAGS = (" -v -Wl,-v -Wl,-search_paths_first -Wl,-headerpad_max_install_names","-lIccProfLib2.2","-lIccXML2.2","$(inherited)");
				OTHER_REZFLAGS = "";
				PRODUCT_NAME = iccFromXml;
				SECTORDER_FLAGS = "";
				TARGET_TEMP_DIR = "/Users/xss/dmax/DemoIccMAX-master/IccXML/CmdLine/IccFromXml/build/iccFromXml.build/$(CONFIGURATION)$(EFFECTIVE_PLATFORM_NAME)";
				USE_HEADERMAP = NO;
				WARNING_CFLAGS = ("$(inherited)");
			};
			name = Release;
		};
		2A298662DF8D40A9A1B60B3F /* RelWithDebInfo */ = {
			isa = XCBuildConfiguration;
			buildSettings = {
				ALWAYS_SEARCH_USER_PATHS = NO;
				COMBINE_HIDPI_IMAGES = YES;
				GCC_GENERATE_DEBUGGING_SYMBOLS = YES;
				GCC_INLINES_ARE_PRIVATE_EXTERN = NO;
				GCC_OPTIMIZATION_LEVEL = 0;
				GCC_PREPROCESSOR_DEFINITIONS = ("'CMAKE_INTDIR=\"$(CONFIGURATION)$(EFFECTIVE_PLATFORM_NAME)\"'","$(inherited)");
				GCC_SYMBOLS_PRIVATE_EXTERN = NO;
				INSTALL_PATH = "";
				OTHER_LDFLAGS = ("","$(inherited)");
				OTHER_REZFLAGS = "";
				PRODUCT_NAME = ALL_BUILD;
				SECTORDER_FLAGS = "";
				USE_HEADERMAP = NO;
				WARNING_CFLAGS = ("$(inherited)");
			};
			name = RelWithDebInfo;
		};
		368087855D3840E3A4819848 /* Release */ = {
			isa = XCBuildConfiguration;
			buildSettings = {
				ALWAYS_SEARCH_USER_PATHS = NO;
				COMBINE_HIDPI_IMAGES = YES;
				GCC_GENERATE_DEBUGGING_SYMBOLS = YES;
				GCC_INLINES_ARE_PRIVATE_EXTERN = NO;
				GCC_OPTIMIZATION_LEVEL = 0;
				GCC_PREPROCESSOR_DEFINITIONS = ("'CMAKE_INTDIR=\"$(CONFIGURATION)$(EFFECTIVE_PLATFORM_NAME)\"'","$(inherited)");
				GCC_SYMBOLS_PRIVATE_EXTERN = NO;
				INSTALL_PATH = "";
				OTHER_LDFLAGS = ("","$(inherited)");
				OTHER_REZFLAGS = "";
				PRODUCT_NAME = ALL_BUILD;
				SECTORDER_FLAGS = "";
				USE_HEADERMAP = NO;
				WARNING_CFLAGS = ("$(inherited)");
			};
			name = Release;
		};
		379FD76BC48B4BC5BEBC8712 /* RelWithDebInfo */ = {
			isa = XCBuildConfiguration;
			buildSettings = {
				ARCHS = x86_64;
				SDKROOT = /Applications/Xcode.app/Contents/Developer/Platforms/MacOSX.platform/Developer/SDKs/MacOSX14.5.sdk;
				SWIFT_COMPILATION_MODE = wholemodule;
				SYMROOT = "/Users/xss/dmax/DemoIccMAX-master/IccXML/CmdLine/IccFromXml/build";
			};
			name = RelWithDebInfo;
		};
		554F71402F974F07AE011A73 /* MinSizeRel */ = {
			isa = XCBuildConfiguration;
			buildSettings = {
				ALWAYS_SEARCH_USER_PATHS = NO;
				COMBINE_HIDPI_IMAGES = YES;
				GCC_GENERATE_DEBUGGING_SYMBOLS = YES;
				GCC_INLINES_ARE_PRIVATE_EXTERN = NO;
				GCC_OPTIMIZATION_LEVEL = 0;
				GCC_PREPROCESSOR_DEFINITIONS = ("'CMAKE_INTDIR=\"$(CONFIGURATION)$(EFFECTIVE_PLATFORM_NAME)\"'","$(inherited)");
				GCC_SYMBOLS_PRIVATE_EXTERN = NO;
				INSTALL_PATH = "";
				OTHER_LDFLAGS = ("","$(inherited)");
				OTHER_REZFLAGS = "";
				PRODUCT_NAME = ALL_BUILD;
				SECTORDER_FLAGS = "";
				USE_HEADERMAP = NO;
				WARNING_CFLAGS = ("$(inherited)");
			};
			name = MinSizeRel;
		};
		605DF81087A1462F9A50F254 /* MinSizeRel */ = {
			isa = XCBuildConfiguration;
			buildSettings = {
				ALWAYS_SEARCH_USER_PATHS = NO;
>>>>>>> InternationalColorConsortium/master
				COMBINE_HIDPI_IMAGES = YES;
				GCC_GENERATE_DEBUGGING_SYMBOLS = YES;
				GCC_INLINES_ARE_PRIVATE_EXTERN = NO;
				GCC_OPTIMIZATION_LEVEL = 0;
				GCC_PREPROCESSOR_DEFINITIONS = ("'CMAKE_INTDIR=\"$(CONFIGURATION)$(EFFECTIVE_PLATFORM_NAME)\"'","$(inherited)");
				GCC_SYMBOLS_PRIVATE_EXTERN = NO;
				INSTALL_PATH = "";
				OTHER_LDFLAGS = ("","$(inherited)");
				OTHER_REZFLAGS = "";
				PRODUCT_NAME = ZERO_CHECK;
				SECTORDER_FLAGS = "";
				USE_HEADERMAP = NO;
				WARNING_CFLAGS = ("$(inherited)");
<<<<<<< HEAD
			};
			name = Debug;
		};
		1EEBDDFEDCC44DB48C2083C1 /* MinSizeRel */ = {
			isa = XCBuildConfiguration;
			buildSettings = {
				ARCHS = x86_64;
				SDKROOT = /Applications/Xcode.app/Contents/Developer/Platforms/MacOSX.platform/Developer/SDKs/MacOSX14.5.sdk;
				SWIFT_COMPILATION_MODE = wholemodule;
				SYMROOT = "/Users/xss/dmax/DemoIccMAX-master/IccXML/CmdLine/IccFromXml/build";
			};
			name = MinSizeRel;
		};
		2353D1ADA67A4222BCEE4D1E /* Release */ = {
			isa = XCBuildConfiguration;
			buildSettings = {
				ALWAYS_SEARCH_USER_PATHS = NO;
				ARCHS = x86_64;
				COMBINE_HIDPI_IMAGES = YES;
				CONFIGURATION_BUILD_DIR = "/Users/xss/dmax/DemoIccMAX-master/IccXML/CmdLine/IccFromXml/Release";
				EXECUTABLE_PREFIX = "";
				EXECUTABLE_SUFFIX = "";
				GCC_GENERATE_DEBUGGING_SYMBOLS = NO;
				GCC_INLINES_ARE_PRIVATE_EXTERN = NO;
				GCC_OPTIMIZATION_LEVEL = 3;
				GCC_PREPROCESSOR_DEFINITIONS = ("'CMAKE_INTDIR=\"$(CONFIGURATION)$(EFFECTIVE_PLATFORM_NAME)\"'","$(inherited)");
				GCC_SYMBOLS_PRIVATE_EXTERN = NO;
				HEADER_SEARCH_PATHS = ("/Users/xss/dmax/DemoIccMAX-master/IccXML/CmdLine/IccFromXml/../../../IccProfLib","/Users/xss/dmax/DemoIccMAX-master/IccXML/CmdLine/IccFromXml/../..","/Users/xss/dmax/DemoIccMAX-master/IccXML/CmdLine/IccFromXml/../../IccLibXML","$(inherited)");
				INSTALL_PATH = "";
				LD_RUNPATH_SEARCH_PATHS = ("/Users/xss/dmax/DemoIccMAX-master/IccXML/CmdLine/IccFromXml/../../../Build/IccProfLib /Users/xss/dmax/DemoIccMAX-master/IccXML/CmdLine/IccFromXml/../../../Build/IccXML","$(inherited)");
				LIBRARY_SEARCH_PATHS = ("/Users/xss/dmax/DemoIccMAX-master/IccXML/CmdLine/IccFromXml/../../../Build/IccProfLib/$(CONFIGURATION)$(EFFECTIVE_PLATFORM_NAME)","/Users/xss/dmax/DemoIccMAX-master/IccXML/CmdLine/IccFromXml/../../../Build/IccProfLib","/Users/xss/dmax/DemoIccMAX-master/IccXML/CmdLine/IccFromXml/../../../Build/IccXML/$(CONFIGURATION)$(EFFECTIVE_PLATFORM_NAME)","/Users/xss/dmax/DemoIccMAX-master/IccXML/CmdLine/IccFromXml/../../../Build/IccXML","$(inherited)");
				ONLY_ACTIVE_ARCH = NO;
				OTHER_CPLUSPLUSFLAGS = "    -DNDEBUG ";
				OTHER_LDFLAGS = (" -v -Wl,-v -Wl,-search_paths_first -Wl,-headerpad_max_install_names","-lIccProfLib2.2","-lIccXML2.2","$(inherited)");
				OTHER_REZFLAGS = "";
				PRODUCT_NAME = iccFromXml;
				SECTORDER_FLAGS = "";
				TARGET_TEMP_DIR = "/Users/xss/dmax/DemoIccMAX-master/IccXML/CmdLine/IccFromXml/build/iccFromXml.build/$(CONFIGURATION)$(EFFECTIVE_PLATFORM_NAME)";
				USE_HEADERMAP = NO;
				WARNING_CFLAGS = ("$(inherited)");
			};
			name = MinSizeRel;
		};
		67ADA187D15F41448B31FB9D /* RelWithDebInfo */ = {
			isa = XCBuildConfiguration;
			buildSettings = {
				ALWAYS_SEARCH_USER_PATHS = NO;
				COMBINE_HIDPI_IMAGES = YES;
				GCC_GENERATE_DEBUGGING_SYMBOLS = YES;
				GCC_INLINES_ARE_PRIVATE_EXTERN = NO;
				GCC_OPTIMIZATION_LEVEL = 0;
				GCC_PREPROCESSOR_DEFINITIONS = ("'CMAKE_INTDIR=\"$(CONFIGURATION)$(EFFECTIVE_PLATFORM_NAME)\"'","$(inherited)");
				GCC_SYMBOLS_PRIVATE_EXTERN = NO;
				INSTALL_PATH = "";
				OTHER_LDFLAGS = ("","$(inherited)");
				OTHER_REZFLAGS = "";
				PRODUCT_NAME = ZERO_CHECK;
				SECTORDER_FLAGS = "";
				USE_HEADERMAP = NO;
				WARNING_CFLAGS = ("$(inherited)");
			};
			name = RelWithDebInfo;
		};
		6E7F63F9EE8E4588A5B994F1 /* Release */ = {
			isa = XCBuildConfiguration;
			buildSettings = {
				ARCHS = x86_64;
				SDKROOT = /Applications/Xcode.app/Contents/Developer/Platforms/MacOSX.platform/Developer/SDKs/MacOSX14.5.sdk;
				SWIFT_COMPILATION_MODE = wholemodule;
				SYMROOT = "/Users/xss/dmax/DemoIccMAX-master/IccXML/CmdLine/IccFromXml/build";
			};
			name = Release;
		};
		2A298662DF8D40A9A1B60B3F /* RelWithDebInfo */ = {
			isa = XCBuildConfiguration;
			buildSettings = {
				ALWAYS_SEARCH_USER_PATHS = NO;
				COMBINE_HIDPI_IMAGES = YES;
				GCC_GENERATE_DEBUGGING_SYMBOLS = YES;
				GCC_INLINES_ARE_PRIVATE_EXTERN = NO;
				GCC_OPTIMIZATION_LEVEL = 0;
				GCC_PREPROCESSOR_DEFINITIONS = ("'CMAKE_INTDIR=\"$(CONFIGURATION)$(EFFECTIVE_PLATFORM_NAME)\"'","$(inherited)");
				GCC_SYMBOLS_PRIVATE_EXTERN = NO;
				INSTALL_PATH = "";
				OTHER_LDFLAGS = ("","$(inherited)");
				OTHER_REZFLAGS = "";
				PRODUCT_NAME = ALL_BUILD;
				SECTORDER_FLAGS = "";
				USE_HEADERMAP = NO;
				WARNING_CFLAGS = ("$(inherited)");
			};
			name = RelWithDebInfo;
		};
		368087855D3840E3A4819848 /* Release */ = {
			isa = XCBuildConfiguration;
			buildSettings = {
				ALWAYS_SEARCH_USER_PATHS = NO;
				COMBINE_HIDPI_IMAGES = YES;
				GCC_GENERATE_DEBUGGING_SYMBOLS = YES;
				GCC_INLINES_ARE_PRIVATE_EXTERN = NO;
				GCC_OPTIMIZATION_LEVEL = 0;
				GCC_PREPROCESSOR_DEFINITIONS = ("'CMAKE_INTDIR=\"$(CONFIGURATION)$(EFFECTIVE_PLATFORM_NAME)\"'","$(inherited)");
				GCC_SYMBOLS_PRIVATE_EXTERN = NO;
				INSTALL_PATH = "";
				OTHER_LDFLAGS = ("","$(inherited)");
				OTHER_REZFLAGS = "";
				PRODUCT_NAME = ALL_BUILD;
				SECTORDER_FLAGS = "";
				USE_HEADERMAP = NO;
				WARNING_CFLAGS = ("$(inherited)");
			};
			name = Release;
		};
		379FD76BC48B4BC5BEBC8712 /* RelWithDebInfo */ = {
			isa = XCBuildConfiguration;
			buildSettings = {
				ARCHS = x86_64;
				SDKROOT = /Applications/Xcode.app/Contents/Developer/Platforms/MacOSX.platform/Developer/SDKs/MacOSX14.5.sdk;
				SWIFT_COMPILATION_MODE = wholemodule;
				SYMROOT = "/Users/xss/dmax/DemoIccMAX-master/IccXML/CmdLine/IccFromXml/build";
			};
			name = RelWithDebInfo;
		};
		554F71402F974F07AE011A73 /* MinSizeRel */ = {
			isa = XCBuildConfiguration;
			buildSettings = {
				ALWAYS_SEARCH_USER_PATHS = NO;
				COMBINE_HIDPI_IMAGES = YES;
				GCC_GENERATE_DEBUGGING_SYMBOLS = YES;
				GCC_INLINES_ARE_PRIVATE_EXTERN = NO;
				GCC_OPTIMIZATION_LEVEL = 0;
				GCC_PREPROCESSOR_DEFINITIONS = ("'CMAKE_INTDIR=\"$(CONFIGURATION)$(EFFECTIVE_PLATFORM_NAME)\"'","$(inherited)");
				GCC_SYMBOLS_PRIVATE_EXTERN = NO;
				INSTALL_PATH = "";
				OTHER_LDFLAGS = ("","$(inherited)");
				OTHER_REZFLAGS = "";
				PRODUCT_NAME = ALL_BUILD;
				SECTORDER_FLAGS = "";
				USE_HEADERMAP = NO;
				WARNING_CFLAGS = ("$(inherited)");
			};
			name = MinSizeRel;
		};
		605DF81087A1462F9A50F254 /* MinSizeRel */ = {
			isa = XCBuildConfiguration;
			buildSettings = {
				ALWAYS_SEARCH_USER_PATHS = NO;
				COMBINE_HIDPI_IMAGES = YES;
				GCC_GENERATE_DEBUGGING_SYMBOLS = YES;
				GCC_INLINES_ARE_PRIVATE_EXTERN = NO;
				GCC_OPTIMIZATION_LEVEL = 0;
				GCC_PREPROCESSOR_DEFINITIONS = ("'CMAKE_INTDIR=\"$(CONFIGURATION)$(EFFECTIVE_PLATFORM_NAME)\"'","$(inherited)");
				GCC_SYMBOLS_PRIVATE_EXTERN = NO;
				INSTALL_PATH = "";
				OTHER_LDFLAGS = ("","$(inherited)");
				OTHER_REZFLAGS = "";
				PRODUCT_NAME = ZERO_CHECK;
				SECTORDER_FLAGS = "";
				USE_HEADERMAP = NO;
				WARNING_CFLAGS = ("$(inherited)");
			};
			name = MinSizeRel;
		};
		67ADA187D15F41448B31FB9D /* RelWithDebInfo */ = {
			isa = XCBuildConfiguration;
			buildSettings = {
				ALWAYS_SEARCH_USER_PATHS = NO;
				COMBINE_HIDPI_IMAGES = YES;
				GCC_GENERATE_DEBUGGING_SYMBOLS = YES;
				GCC_INLINES_ARE_PRIVATE_EXTERN = NO;
				GCC_OPTIMIZATION_LEVEL = 0;
				GCC_PREPROCESSOR_DEFINITIONS = ("'CMAKE_INTDIR=\"$(CONFIGURATION)$(EFFECTIVE_PLATFORM_NAME)\"'","$(inherited)");
				GCC_SYMBOLS_PRIVATE_EXTERN = NO;
				INSTALL_PATH = "";
				OTHER_LDFLAGS = ("","$(inherited)");
				OTHER_REZFLAGS = "";
				PRODUCT_NAME = ZERO_CHECK;
				SECTORDER_FLAGS = "";
				USE_HEADERMAP = NO;
				WARNING_CFLAGS = ("$(inherited)");
			};
			name = RelWithDebInfo;
		};
		6E7F63F9EE8E4588A5B994F1 /* Release */ = {
			isa = XCBuildConfiguration;
			buildSettings = {
				ARCHS = x86_64;
				SDKROOT = /Applications/Xcode.app/Contents/Developer/Platforms/MacOSX.platform/Developer/SDKs/MacOSX14.5.sdk;
				SWIFT_COMPILATION_MODE = wholemodule;
				SYMROOT = "/Users/xss/dmax/DemoIccMAX-master/IccXML/CmdLine/IccFromXml/build";
			};
			name = Release;
		};
		8951593DD18946599097EE72 /* Debug */ = {
			isa = XCBuildConfiguration;
			buildSettings = {
				ALWAYS_SEARCH_USER_PATHS = NO;
				COMBINE_HIDPI_IMAGES = YES;
				GCC_GENERATE_DEBUGGING_SYMBOLS = YES;
				GCC_INLINES_ARE_PRIVATE_EXTERN = NO;
				GCC_OPTIMIZATION_LEVEL = 0;
				GCC_PREPROCESSOR_DEFINITIONS = ("'CMAKE_INTDIR=\"$(CONFIGURATION)$(EFFECTIVE_PLATFORM_NAME)\"'","$(inherited)");
				GCC_SYMBOLS_PRIVATE_EXTERN = NO;
				INSTALL_PATH = "";
				OTHER_LDFLAGS = ("","$(inherited)");
				OTHER_REZFLAGS = "";
				PRODUCT_NAME = ALL_BUILD;
				SECTORDER_FLAGS = "";
				USE_HEADERMAP = NO;
				WARNING_CFLAGS = ("$(inherited)");
			};
			name = Debug;
		};
		8BB7F65657254AB59213920C /* RelWithDebInfo */ = {
			isa = XCBuildConfiguration;
			buildSettings = {
				ALWAYS_SEARCH_USER_PATHS = NO;
				ARCHS = x86_64;
				COMBINE_HIDPI_IMAGES = YES;
				CONFIGURATION_BUILD_DIR = "/Users/xss/dmax/DemoIccMAX-master/IccXML/CmdLine/IccFromXml/RelWithDebInfo";
				EXECUTABLE_PREFIX = "";
				EXECUTABLE_SUFFIX = "";
				GCC_GENERATE_DEBUGGING_SYMBOLS = YES;
				GCC_INLINES_ARE_PRIVATE_EXTERN = NO;
				GCC_OPTIMIZATION_LEVEL = 2;
				GCC_PREPROCESSOR_DEFINITIONS = ("'CMAKE_INTDIR=\"$(CONFIGURATION)$(EFFECTIVE_PLATFORM_NAME)\"'","$(inherited)");
				GCC_SYMBOLS_PRIVATE_EXTERN = NO;
				HEADER_SEARCH_PATHS = ("/Users/xss/dmax/DemoIccMAX-master/IccXML/CmdLine/IccFromXml/../../../IccProfLib","/Users/xss/dmax/DemoIccMAX-master/IccXML/CmdLine/IccFromXml/../..","/Users/xss/dmax/DemoIccMAX-master/IccXML/CmdLine/IccFromXml/../../IccLibXML","$(inherited)");
				INSTALL_PATH = "";
				LD_RUNPATH_SEARCH_PATHS = ("/Users/xss/dmax/DemoIccMAX-master/IccXML/CmdLine/IccFromXml/../../../Build/IccProfLib /Users/xss/dmax/DemoIccMAX-master/IccXML/CmdLine/IccFromXml/../../../Build/IccXML","$(inherited)");
				LIBRARY_SEARCH_PATHS = ("/Users/xss/dmax/DemoIccMAX-master/IccXML/CmdLine/IccFromXml/../../../Build/IccProfLib/$(CONFIGURATION)$(EFFECTIVE_PLATFORM_NAME)","/Users/xss/dmax/DemoIccMAX-master/IccXML/CmdLine/IccFromXml/../../../Build/IccProfLib","/Users/xss/dmax/DemoIccMAX-master/IccXML/CmdLine/IccFromXml/../../../Build/IccXML/$(CONFIGURATION)$(EFFECTIVE_PLATFORM_NAME)","/Users/xss/dmax/DemoIccMAX-master/IccXML/CmdLine/IccFromXml/../../../Build/IccXML","$(inherited)");
				ONLY_ACTIVE_ARCH = NO;
				OTHER_CPLUSPLUSFLAGS = "       -DNDEBUG ";
				OTHER_LDFLAGS = (" -v -Wl,-v -Wl,-search_paths_first -Wl,-headerpad_max_install_names","-lIccProfLib2.2","-lIccXML2.2","$(inherited)");
				OTHER_REZFLAGS = "";
				PRODUCT_NAME = iccFromXml;
				SECTORDER_FLAGS = "";
				TARGET_TEMP_DIR = "/Users/xss/dmax/DemoIccMAX-master/IccXML/CmdLine/IccFromXml/build/iccFromXml.build/$(CONFIGURATION)$(EFFECTIVE_PLATFORM_NAME)";
				USE_HEADERMAP = NO;
				WARNING_CFLAGS = ("$(inherited)");
			};
			name = RelWithDebInfo;
		};
		9051CB8792E64498A0A6D28F /* Release */ = {
			isa = XCBuildConfiguration;
			buildSettings = {
				ALWAYS_SEARCH_USER_PATHS = NO;
				COMBINE_HIDPI_IMAGES = YES;
				GCC_GENERATE_DEBUGGING_SYMBOLS = YES;
				GCC_INLINES_ARE_PRIVATE_EXTERN = NO;
				GCC_OPTIMIZATION_LEVEL = 0;
				GCC_PREPROCESSOR_DEFINITIONS = ("'CMAKE_INTDIR=\"$(CONFIGURATION)$(EFFECTIVE_PLATFORM_NAME)\"'","$(inherited)");
				GCC_SYMBOLS_PRIVATE_EXTERN = NO;
				INSTALL_PATH = "";
				OTHER_LDFLAGS = ("","$(inherited)");
				OTHER_REZFLAGS = "";
				PRODUCT_NAME = ZERO_CHECK;
				SECTORDER_FLAGS = "";
				USE_HEADERMAP = NO;
				WARNING_CFLAGS = ("$(inherited)");
			};
			name = Release;
		};
		B870C6B0E7494073A1C58E2E /* Debug */ = {
			isa = XCBuildConfiguration;
			buildSettings = {
				ARCHS = x86_64;
				SDKROOT = /Applications/Xcode.app/Contents/Developer/Platforms/MacOSX.platform/Developer/SDKs/MacOSX14.5.sdk;
				SYMROOT = "/Users/xss/dmax/DemoIccMAX-master/IccXML/CmdLine/IccFromXml/build";
			};
			name = Debug;
		};
		BC08E58CEED141C98EBF49D6 /* Debug */ = {
			isa = XCBuildConfiguration;
			buildSettings = {
				ALWAYS_SEARCH_USER_PATHS = NO;
				COMBINE_HIDPI_IMAGES = YES;
				GCC_GENERATE_DEBUGGING_SYMBOLS = YES;
				GCC_INLINES_ARE_PRIVATE_EXTERN = NO;
				GCC_OPTIMIZATION_LEVEL = 0;
				GCC_PREPROCESSOR_DEFINITIONS = ("'CMAKE_INTDIR=\"$(CONFIGURATION)$(EFFECTIVE_PLATFORM_NAME)\"'","$(inherited)");
				GCC_SYMBOLS_PRIVATE_EXTERN = NO;
				INSTALL_PATH = "";
				OTHER_LDFLAGS = ("","$(inherited)");
				OTHER_REZFLAGS = "";
				PRODUCT_NAME = ZERO_CHECK;
				SECTORDER_FLAGS = "";
				USE_HEADERMAP = NO;
				WARNING_CFLAGS = ("$(inherited)");
			};
			name = Debug;
		};
		F3B10F6B41C541A793C9E1D7 /* MinSizeRel */ = {
			isa = XCBuildConfiguration;
			buildSettings = {
				ALWAYS_SEARCH_USER_PATHS = NO;
				ARCHS = x86_64;
				COMBINE_HIDPI_IMAGES = YES;
				CONFIGURATION_BUILD_DIR = "/Users/xss/dmax/DemoIccMAX-master/IccXML/CmdLine/IccFromXml/MinSizeRel";
				EXECUTABLE_PREFIX = "";
				EXECUTABLE_SUFFIX = "";
				GCC_GENERATE_DEBUGGING_SYMBOLS = NO;
				GCC_INLINES_ARE_PRIVATE_EXTERN = NO;
				GCC_OPTIMIZATION_LEVEL = s;
				GCC_PREPROCESSOR_DEFINITIONS = ("'CMAKE_INTDIR=\"$(CONFIGURATION)$(EFFECTIVE_PLATFORM_NAME)\"'","$(inherited)");
				GCC_SYMBOLS_PRIVATE_EXTERN = NO;
				HEADER_SEARCH_PATHS = ("/Users/xss/dmax/DemoIccMAX-master/IccXML/CmdLine/IccFromXml/../../../IccProfLib","/Users/xss/dmax/DemoIccMAX-master/IccXML/CmdLine/IccFromXml/../..","/Users/xss/dmax/DemoIccMAX-master/IccXML/CmdLine/IccFromXml/../../IccLibXML","$(inherited)");
				INSTALL_PATH = "";
				LD_RUNPATH_SEARCH_PATHS = ("/Users/xss/dmax/DemoIccMAX-master/IccXML/CmdLine/IccFromXml/../../../Build/IccProfLib /Users/xss/dmax/DemoIccMAX-master/IccXML/CmdLine/IccFromXml/../../../Build/IccXML","$(inherited)");
				LIBRARY_SEARCH_PATHS = ("/Users/xss/dmax/DemoIccMAX-master/IccXML/CmdLine/IccFromXml/../../../Build/IccProfLib/$(CONFIGURATION)$(EFFECTIVE_PLATFORM_NAME)","/Users/xss/dmax/DemoIccMAX-master/IccXML/CmdLine/IccFromXml/../../../Build/IccProfLib","/Users/xss/dmax/DemoIccMAX-master/IccXML/CmdLine/IccFromXml/../../../Build/IccXML/$(CONFIGURATION)$(EFFECTIVE_PLATFORM_NAME)","/Users/xss/dmax/DemoIccMAX-master/IccXML/CmdLine/IccFromXml/../../../Build/IccXML","$(inherited)");
				ONLY_ACTIVE_ARCH = NO;
				OTHER_CPLUSPLUSFLAGS = "    -DNDEBUG ";
				OTHER_LDFLAGS = (" -v -Wl,-v -Wl,-search_paths_first -Wl,-headerpad_max_install_names","-lIccProfLib2.2","-lIccXML2.2","$(inherited)");
				OTHER_REZFLAGS = "";
				PRODUCT_NAME = iccFromXml;
				SECTORDER_FLAGS = "";
				TARGET_TEMP_DIR = "/Users/xss/dmax/DemoIccMAX-master/IccXML/CmdLine/IccFromXml/build/iccFromXml.build/$(CONFIGURATION)$(EFFECTIVE_PLATFORM_NAME)";
				USE_HEADERMAP = NO;
				WARNING_CFLAGS = ("$(inherited)");
			};
			name = MinSizeRel;
		};
/* End XCBuildConfiguration section */

/* Begin XCConfigurationList section */
		106F549FA0E440E186690515 /* Build configuration list for PBXProject "IccFromXml" */ = {
			isa = XCConfigurationList;
			buildConfigurations = (
				B870C6B0E7494073A1C58E2E /* Debug */,
				6E7F63F9EE8E4588A5B994F1 /* Release */,
				1EEBDDFEDCC44DB48C2083C1 /* MinSizeRel */,
				379FD76BC48B4BC5BEBC8712 /* RelWithDebInfo */,
			);
			defaultConfigurationIsVisible = 0;
			defaultConfigurationName = Debug;
		};
		37A1497B7CDE4DC5B9697916 /* Build configuration list for PBXNativeTarget "iccFromXml" */ = {
			isa = XCConfigurationList;
			buildConfigurations = (
				19BDF8E1DF2D4A92BE4DD1C6 /* Debug */,
				2353D1ADA67A4222BCEE4D1E /* Release */,
				F3B10F6B41C541A793C9E1D7 /* MinSizeRel */,
				8BB7F65657254AB59213920C /* RelWithDebInfo */,
			);
			defaultConfigurationIsVisible = 0;
			defaultConfigurationName = Debug;
		};
		38AD401FDBF140D1B3F96E9F /* Build configuration list for PBXAggregateTarget "ZERO_CHECK" */ = {
			isa = XCConfigurationList;
			buildConfigurations = (
				BC08E58CEED141C98EBF49D6 /* Debug */,
				9051CB8792E64498A0A6D28F /* Release */,
				605DF81087A1462F9A50F254 /* MinSizeRel */,
				67ADA187D15F41448B31FB9D /* RelWithDebInfo */,
			);
			defaultConfigurationIsVisible = 0;
			defaultConfigurationName = Debug;
		};
		DD049895B1FD48B09B3E0D34 /* Build configuration list for PBXAggregateTarget "ALL_BUILD" */ = {
			isa = XCConfigurationList;
			buildConfigurations = (
				8951593DD18946599097EE72 /* Debug */,
				368087855D3840E3A4819848 /* Release */,
				554F71402F974F07AE011A73 /* MinSizeRel */,
				2A298662DF8D40A9A1B60B3F /* RelWithDebInfo */,
			);
			defaultConfigurationIsVisible = 0;
			defaultConfigurationName = Debug;
		};
/* End XCConfigurationList section */
	};
	rootObject = 3996D935F14246888414F70F /* Project object */;
}
