<?xml version="1.0" encoding="utf-8"?>
<Project ToolsVersion="4.0" xmlns="http://schemas.microsoft.com/developer/msbuild/2003">
  <ItemGroup>
    <Filter Include="Source Files">
      <UniqueIdentifier>{4FC737F1-C7A5-4376-A066-2A32D752A2FF}</UniqueIdentifier>
      <Extensions>cpp;c;cc;cxx;def;odl;idl;hpj;bat;asm;asmx</Extensions>
    </Filter>
    <Filter Include="Header Files">
      <UniqueIdentifier>{93995380-89BD-4b04-88EB-625FBE52EBFB}</UniqueIdentifier>
      <Extensions>h;hpp;hxx;hm;inl;inc;xsd</Extensions>
    </Filter>
    <Filter Include="Resource Files">
      <UniqueIdentifier>{67DA6AB6-F800-4c08-8B7A-83BB121AAD01}</UniqueIdentifier>
      <Extensions>rc;ico;cur;bmp;dlg;rc2;rct;bin;rgs;gif;jpg;jpeg;jpe;resx;tiff;tif;png;wav</Extensions>
    </Filter>
  </ItemGroup>
  <ItemGroup>
    <ClCompile Include="IccIoXml.cpp">
      <Filter>Source Files</Filter>
    </ClCompile>
    <ClCompile Include="IccMpeXml.cpp">
      <Filter>Source Files</Filter>
    </ClCompile>
    <ClCompile Include="IccMpeXmlFactory.cpp">
      <Filter>Source Files</Filter>
    </ClCompile>
    <ClCompile Include="IccProfileXml.cpp">
      <Filter>Source Files</Filter>
    </ClCompile>
    <ClCompile Include="IccTagXml.cpp">
      <Filter>Source Files</Filter>
    </ClCompile>
    <ClCompile Include="IccTagXmlFactory.cpp">
      <Filter>Source Files</Filter>
    </ClCompile>
    <ClCompile Include="IccUtilXml.cpp">
      <Filter>Source Files</Filter>
    </ClCompile>
  </ItemGroup>
  <ItemGroup>
    <ClInclude Include="IccIoXml.h">
      <Filter>Header Files</Filter>
    </ClInclude>
    <ClInclude Include="IccLibXMLVer.h">
      <Filter>Header Files</Filter>
    </ClInclude>
    <ClInclude Include="IccMpeXml.h">
      <Filter>Header Files</Filter>
    </ClInclude>
    <ClInclude Include="IccMpeXmlFactory.h">
      <Filter>Header Files</Filter>
    </ClInclude>
    <ClInclude Include="IccProfileXml.h">
      <Filter>Header Files</Filter>
    </ClInclude>
    <ClInclude Include="IccTagXml.h">
      <Filter>Header Files</Filter>
    </ClInclude>
    <ClInclude Include="IccTagXmlFactory.h">
      <Filter>Header Files</Filter>
    </ClInclude>
    <ClInclude Include="IccUtilXml.h">
      <Filter>Header Files</Filter>
    </ClInclude>
    <ClInclude Include="IccXmlConfig.h">
      <Filter>Header Files</Filter>
    </ClInclude>
  </ItemGroup>
  <ItemGroup>
    <Text Include="ReadMe.txt" />
  </ItemGroup>
</Project>