// !$*UTF8*$!
{
	archiveVersion = 1;
	classes = {
	};
	objectVersion = 46;
	objects = {

/* Begin PBXBuildFile section */
		155AD3321DB5932A00291EDA /* wxProfileDump.cpp in Sources */ = {isa = PBXBuildFile; fileRef = 155AD32E1DB591F000291EDA /* wxProfileDump.cpp */; };
		155AD3331DB5935200291EDA /* libIccProfLib.a in Frameworks */ = {isa = PBXBuildFile; fileRef = 155AD3301DB5927500291EDA /* libIccProfLib.a */; };
		155AD3641DB6DD2500291EDA /* libwx_mac-3.0.dylib in Frameworks */ = {isa = PBXBuildFile; fileRef = 155AD3631DB6DD2500291EDA /* libwx_mac-3.0.dylib */; };
		155AD3E41DB6E1DC00291EDA /* Carbon.framework in Frameworks */ = {isa = PBXBuildFile; fileRef = 155AD3E31DB6E1DC00291EDA /* Carbon.framework */; };
		155AD3E61DB6E1E200291EDA /* Cocoa.framework in Frameworks */ = {isa = PBXBuildFile; fileRef = 155AD3E51DB6E1E200291EDA /* Cocoa.framework */; };
		155AD3E81DB6E1ED00291EDA /* ApplicationServices.framework in Frameworks */ = {isa = PBXBuildFile; fileRef = 155AD3E71DB6E1ED00291EDA /* ApplicationServices.framework */; };
		155AD3EA1DB6E49100291EDA /* QuickTime.framework in Frameworks */ = {isa = PBXBuildFile; fileRef = 155AD3E91DB6E49100291EDA /* QuickTime.framework */; };
		155AD3EC1DB6E4CC00291EDA /* IOKit.framework in Frameworks */ = {isa = PBXBuildFile; fileRef = 155AD3EB1DB6E4CC00291EDA /* IOKit.framework */; };
		155AD3EE1DB6E4E300291EDA /* System.framework in Frameworks */ = {isa = PBXBuildFile; fileRef = 155AD3ED1DB6E4E300291EDA /* System.framework */; };
/* End PBXBuildFile section */

/* Begin PBXFileReference section */
		1536778C1DB58F9B0091F4E6 /* wxProfileDump.app */ = {isa = PBXFileReference; explicitFileType = wrapper.application; includeInIndex = 0; path = wxProfileDump.app; sourceTree = BUILT_PRODUCTS_DIR; };
		153677901DB58F9B0091F4E6 /* Info.plist */ = {isa = PBXFileReference; lastKnownFileType = text.plist.xml; path = Info.plist; sourceTree = "<group>"; };
		155AD32E1DB591F000291EDA /* wxProfileDump.cpp */ = {isa = PBXFileReference; lastKnownFileType = sourcecode.cpp.cpp; path = wxProfileDump.cpp; sourceTree = SOURCE_ROOT; };
		155AD3301DB5927500291EDA /* libIccProfLib.a */ = {isa = PBXFileReference; lastKnownFileType = archive.ar; name = libIccProfLib.a; path = ../../../../Build/XCode/lib/libIccProfLib.a; sourceTree = "<group>"; };
		155AD3341DB6D19400291EDA /* wxProfileDump.h */ = {isa = PBXFileReference; fileEncoding = 4; lastKnownFileType = sourcecode.c.h; path = wxProfileDump.h; sourceTree = SOURCE_ROOT; };
		155AD3631DB6DD2500291EDA /* libwx_mac-3.0.dylib */ = {isa = PBXFileReference; lastKnownFileType = "compiled.mach-o.dylib"; name = "libwx_mac-3.0.dylib"; path = "../../../../../CPS4.9/tools/EFI/lib/libwx_mac-3.0.dylib"; sourceTree = "<group>"; };
		155AD3E31DB6E1DC00291EDA /* Carbon.framework */ = {isa = PBXFileReference; lastKnownFileType = wrapper.framework; name = Carbon.framework; path = ../../../../../../../System/Library/Frameworks/Carbon.framework; sourceTree = "<group>"; };
		155AD3E51DB6E1E200291EDA /* Cocoa.framework */ = {isa = PBXFileReference; lastKnownFileType = wrapper.framework; name = Cocoa.framework; path = ../../../../../../../System/Library/Frameworks/Cocoa.framework; sourceTree = "<group>"; };
		155AD3E71DB6E1ED00291EDA /* ApplicationServices.framework */ = {isa = PBXFileReference; lastKnownFileType = wrapper.framework; name = ApplicationServices.framework; path = ../../../../../../../System/Library/Frameworks/ApplicationServices.framework; sourceTree = "<group>"; };
		155AD3E91DB6E49100291EDA /* QuickTime.framework */ = {isa = PBXFileReference; lastKnownFileType = wrapper.framework; name = QuickTime.framework; path = ../../../../../../../System/Library/Frameworks/QuickTime.framework; sourceTree = "<group>"; };
		155AD3EB1DB6E4CC00291EDA /* IOKit.framework */ = {isa = PBXFileReference; lastKnownFileType = wrapper.framework; name = IOKit.framework; path = ../../../../../../../System/Library/Frameworks/IOKit.framework; sourceTree = "<group>"; };
		155AD3ED1DB6E4E300291EDA /* System.framework */ = {isa = PBXFileReference; lastKnownFileType = wrapper.framework; name = System.framework; path = ../../../../../../../System/Library/Frameworks/System.framework; sourceTree = "<group>"; };
/* End PBXFileReference section */

/* Begin PBXFrameworksBuildPhase section */
		153677891DB58F9B0091F4E6 /* Frameworks */ = {
			isa = PBXFrameworksBuildPhase;
			buildActionMask = 2147483647;
			files = (
				155AD3331DB5935200291EDA /* libIccProfLib.a in Frameworks */,
				155AD3641DB6DD2500291EDA /* libwx_mac-3.0.dylib in Frameworks */,
				155AD3EE1DB6E4E300291EDA /* System.framework in Frameworks */,
				155AD3EC1DB6E4CC00291EDA /* IOKit.framework in Frameworks */,
				155AD3E81DB6E1ED00291EDA /* ApplicationServices.framework in Frameworks */,
				155AD3E41DB6E1DC00291EDA /* Carbon.framework in Frameworks */,
				155AD3E61DB6E1E200291EDA /* Cocoa.framework in Frameworks */,
				155AD3EA1DB6E49100291EDA /* QuickTime.framework in Frameworks */,
			);
			runOnlyForDeploymentPostprocessing = 0;
		};
/* End PBXFrameworksBuildPhase section */

/* Begin PBXGroup section */
		153677811DB58F7C0091F4E6 = {
			isa = PBXGroup;
			children = (
				155AD3ED1DB6E4E300291EDA /* System.framework */,
				155AD3EB1DB6E4CC00291EDA /* IOKit.framework */,
				155AD3E91DB6E49100291EDA /* QuickTime.framework */,
				155AD3E71DB6E1ED00291EDA /* ApplicationServices.framework */,
				155AD3E51DB6E1E200291EDA /* Cocoa.framework */,
				155AD3E31DB6E1DC00291EDA /* Carbon.framework */,
				1536778E1DB58F9B0091F4E6 /* wxProfileDump */,
				1536778D1DB58F9B0091F4E6 /* Products */,
			);
			sourceTree = "<group>";
		};
		1536778D1DB58F9B0091F4E6 /* Products */ = {
			isa = PBXGroup;
			children = (
				1536778C1DB58F9B0091F4E6 /* wxProfileDump.app */,
			);
			name = Products;
			sourceTree = "<group>";
		};
		1536778E1DB58F9B0091F4E6 /* wxProfileDump */ = {
			isa = PBXGroup;
			children = (
				155AD3341DB6D19400291EDA /* wxProfileDump.h */,
				155AD32E1DB591F000291EDA /* wxProfileDump.cpp */,
				155AD3301DB5927500291EDA /* libIccProfLib.a */,
				155AD3631DB6DD2500291EDA /* libwx_mac-3.0.dylib */,
				1536778F1DB58F9B0091F4E6 /* Supporting Files */,
			);
			path = wxProfileDump;
			sourceTree = "<group>";
		};
		1536778F1DB58F9B0091F4E6 /* Supporting Files */ = {
			isa = PBXGroup;
			children = (
				153677901DB58F9B0091F4E6 /* Info.plist */,
			);
			name = "Supporting Files";
			sourceTree = "<group>";
		};
/* End PBXGroup section */

/* Begin PBXNativeTarget section */
		1536778B1DB58F9B0091F4E6 /* wxProfileDump */ = {
			isa = PBXNativeTarget;
			buildConfigurationList = 153677AA1DB58F9B0091F4E6 /* Build configuration list for PBXNativeTarget "wxProfileDump" */;
			buildPhases = (
				153677881DB58F9B0091F4E6 /* Sources */,
				153677891DB58F9B0091F4E6 /* Frameworks */,
				1536778A1DB58F9B0091F4E6 /* Resources */,
			);
			buildRules = (
			);
			dependencies = (
			);
			name = wxProfileDump;
			productName = wxProfileDump;
			productReference = 1536778C1DB58F9B0091F4E6 /* wxProfileDump.app */;
			productType = "com.apple.product-type.application";
		};
/* End PBXNativeTarget section */

/* Begin PBXProject section */
		153677821DB58F7C0091F4E6 /* Project object */ = {
			isa = PBXProject;
			attributes = {
				LastUpgradeCheck = 0720;
				TargetAttributes = {
					1536778B1DB58F9B0091F4E6 = {
						CreatedOnToolsVersion = 6.1.1;
					};
				};
			};
			buildConfigurationList = 153677851DB58F7C0091F4E6 /* Build configuration list for PBXProject "wxProfileDump" */;
			compatibilityVersion = "Xcode 3.2";
			developmentRegion = English;
			hasScannedForEncodings = 0;
			knownRegions = (
				en,
			);
			mainGroup = 153677811DB58F7C0091F4E6;
			productRefGroup = 1536778D1DB58F9B0091F4E6 /* Products */;
			projectDirPath = "";
			projectRoot = "";
			targets = (
				1536778B1DB58F9B0091F4E6 /* wxProfileDump */,
			);
		};
/* End PBXProject section */

/* Begin PBXResourcesBuildPhase section */
		1536778A1DB58F9B0091F4E6 /* Resources */ = {
			isa = PBXResourcesBuildPhase;
			buildActionMask = 2147483647;
			files = (
			);
			runOnlyForDeploymentPostprocessing = 0;
		};
/* End PBXResourcesBuildPhase section */

/* Begin PBXSourcesBuildPhase section */
		153677881DB58F9B0091F4E6 /* Sources */ = {
			isa = PBXSourcesBuildPhase;
			buildActionMask = 2147483647;
			files = (
				155AD3321DB5932A00291EDA /* wxProfileDump.cpp in Sources */,
			);
			runOnlyForDeploymentPostprocessing = 0;
		};
/* End PBXSourcesBuildPhase section */

/* Begin XCBuildConfiguration section */
		153677861DB58F7C0091F4E6 /* Debug */ = {
			isa = XCBuildConfiguration;
			buildSettings = {
				ALWAYS_SEARCH_USER_PATHS = NO;
				CLANG_CXX_LANGUAGE_STANDARD = "gnu++98";
				CLANG_CXX_LIBRARY = "libc++";
				CLANG_ENABLE_MODULES = YES;
				CLANG_ENABLE_OBJC_ARC = YES;
				CLANG_WARN_BOOL_CONVERSION = YES;
				CLANG_WARN_CONSTANT_CONVERSION = YES;
				CLANG_WARN_DIRECT_OBJC_ISA_USAGE = YES_ERROR;
				CLANG_WARN_EMPTY_BODY = YES;
				CLANG_WARN_ENUM_CONVERSION = YES;
				CLANG_WARN_INT_CONVERSION = YES;
				CLANG_WARN_OBJC_ROOT_CLASS = YES_ERROR;
				CLANG_WARN_UNREACHABLE_CODE = YES;
				CLANG_WARN__DUPLICATE_METHOD_MATCH = YES;
				COPY_PHASE_STRIP = NO;
				DEBUG_INFORMATION_FORMAT = dwarf;
				ENABLE_STRICT_OBJC_MSGSEND = YES;
				ENABLE_TESTABILITY = YES;
				GCC_C_LANGUAGE_STANDARD = gnu99;
				GCC_DYNAMIC_NO_PIC = NO;
				GCC_NO_COMMON_BLOCKS = YES;
				GCC_OPTIMIZATION_LEVEL = 0;
				GCC_PREPROCESSOR_DEFINITIONS = "";
				GCC_REUSE_STRINGS = NO;
				GCC_WARN_64_TO_32_BIT_CONVERSION = YES;
				GCC_WARN_ABOUT_RETURN_TYPE = YES_ERROR;
				GCC_WARN_TYPECHECK_CALLS_TO_PRINTF = YES;
				GCC_WARN_UNDECLARED_SELECTOR = YES;
				GCC_WARN_UNINITIALIZED_AUTOS = YES_AGGRESSIVE;
				GCC_WARN_UNUSED_FUNCTION = YES;
				GCC_WARN_UNUSED_VARIABLE = YES;
				HEADER_SEARCH_PATHS = (
					"$(inherited)",
					/Applications/Xcode.app/Contents/Developer/Toolchains/XcodeDefault.xctoolchain/usr/include,
					"$(WXWIN)/lib/wx/include/mac-unicode-release-$(WXVER)",
					"$(WXWIN)/include/wx-$(WXVER)",
					../../../IccProfLib,
					.,
				);
				MACOSX_DEPLOYMENT_TARGET = "$(RECOMMENDED_MACOSX_DEPLOYMENT_TARGET)";
				ONLY_ACTIVE_ARCH = YES;
			};
			name = Debug;
		};
		153677871DB58F7C0091F4E6 /* Release */ = {
			isa = XCBuildConfiguration;
			buildSettings = {
				ALWAYS_SEARCH_USER_PATHS = NO;
				CLANG_CXX_LANGUAGE_STANDARD = "gnu++98";
				CLANG_CXX_LIBRARY = "libc++";
				CLANG_ENABLE_MODULES = YES;
				CLANG_ENABLE_OBJC_ARC = YES;
				CLANG_WARN_BOOL_CONVERSION = YES;
				CLANG_WARN_CONSTANT_CONVERSION = YES;
				CLANG_WARN_DIRECT_OBJC_ISA_USAGE = YES_ERROR;
				CLANG_WARN_EMPTY_BODY = YES;
				CLANG_WARN_ENUM_CONVERSION = YES;
				CLANG_WARN_INT_CONVERSION = YES;
				CLANG_WARN_OBJC_ROOT_CLASS = YES_ERROR;
				CLANG_WARN_UNREACHABLE_CODE = YES;
				CLANG_WARN__DUPLICATE_METHOD_MATCH = YES;
				COPY_PHASE_STRIP = NO;
				DEBUG_INFORMATION_FORMAT = "dwarf-with-dsym";
				ENABLE_NS_ASSERTIONS = NO;
				ENABLE_STRICT_OBJC_MSGSEND = YES;
				GCC_C_LANGUAGE_STANDARD = gnu99;
				GCC_DYNAMIC_NO_PIC = NO;
				GCC_NO_COMMON_BLOCKS = YES;
				GCC_PREPROCESSOR_DEFINITIONS = "";
				GCC_REUSE_STRINGS = NO;
				GCC_WARN_64_TO_32_BIT_CONVERSION = YES;
				GCC_WARN_ABOUT_RETURN_TYPE = YES_ERROR;
				GCC_WARN_TYPECHECK_CALLS_TO_PRINTF = YES;
				GCC_WARN_UNDECLARED_SELECTOR = YES;
				GCC_WARN_UNINITIALIZED_AUTOS = YES_AGGRESSIVE;
				GCC_WARN_UNUSED_FUNCTION = YES;
				GCC_WARN_UNUSED_VARIABLE = YES;
				HEADER_SEARCH_PATHS = (
					"$(inherited)",
					/Applications/Xcode.app/Contents/Developer/Toolchains/XcodeDefault.xctoolchain/usr/include,
					"$(WXWIN)/lib/wx/include/mac-unicode-release-$(WXVER)",
					"$(WXWIN)/include/wx-$(WXVER)",
					../../../IccProfLib,
					.,
				);
				MACOSX_DEPLOYMENT_TARGET = "$(RECOMMENDED_MACOSX_DEPLOYMENT_TARGET)";
			};
			name = Release;
		};
		153677AB1DB58F9B0091F4E6 /* Debug */ = {
			isa = XCBuildConfiguration;
			buildSettings = {
				ALWAYS_SEARCH_USER_PATHS = NO;
				ASSETCATALOG_COMPILER_APPICON_NAME = AppIcon;
				CLANG_CXX_LANGUAGE_STANDARD = "gnu++0x";
				CLANG_CXX_LIBRARY = "libstdc++";
				CLANG_ENABLE_MODULES = YES;
				CLANG_ENABLE_OBJC_ARC = YES;
				CLANG_WARN_BOOL_CONVERSION = YES;
				CLANG_WARN_CONSTANT_CONVERSION = YES;
				CLANG_WARN_DIRECT_OBJC_ISA_USAGE = YES_ERROR;
				CLANG_WARN_EMPTY_BODY = YES;
				CLANG_WARN_ENUM_CONVERSION = YES;
				CLANG_WARN_INT_CONVERSION = YES;
				CLANG_WARN_OBJC_ROOT_CLASS = YES_ERROR;
				CLANG_WARN_UNREACHABLE_CODE = YES;
				CLANG_WARN__DUPLICATE_METHOD_MATCH = YES;
				CODE_SIGN_IDENTITY = "-";
				COMBINE_HIDPI_IMAGES = YES;
				COPY_PHASE_STRIP = NO;
				ENABLE_STRICT_OBJC_MSGSEND = YES;
				FRAMEWORK_SEARCH_PATHS = /System/Library/Frameworks;
				GCC_C_LANGUAGE_STANDARD = gnu99;
				GCC_DYNAMIC_NO_PIC = NO;
				GCC_OPTIMIZATION_LEVEL = 0;
				GCC_PRECOMPILE_PREFIX_HEADER = YES;
				GCC_PREFIX_HEADER = wxProfileDump.pch;
				GCC_PREPROCESSOR_DEFINITIONS = "$(inherited)";
				GCC_SYMBOLS_PRIVATE_EXTERN = NO;
				GCC_WARN_64_TO_32_BIT_CONVERSION = YES;
				GCC_WARN_ABOUT_RETURN_TYPE = YES_ERROR;
				GCC_WARN_UNDECLARED_SELECTOR = YES;
				GCC_WARN_UNINITIALIZED_AUTOS = YES_AGGRESSIVE;
				GCC_WARN_UNUSED_FUNCTION = YES;
				GCC_WARN_UNUSED_VARIABLE = YES;
				HEADER_SEARCH_PATHS = (
					"$(inherited)",
					/Applications/Xcode.app/Contents/Developer/Toolchains/XcodeDefault.xctoolchain/usr/include,
					"$(WXWIN)/lib/wx/include/mac-unicode-release-$(WXVER)",
					"$(WXWIN)/include/wx-$(WXVER)",
					../../../IccProfLib,
					.,
				);
				INFOPLIST_FILE = Info.plist;
				LD_RUNPATH_SEARCH_PATHS = "$(inherited) @executable_path/../Frameworks";
				LIBRARY_SEARCH_PATHS = (
					"$(inherited)",
					../../../Build/XCode/lib,
					"$(WXWIN)/lib",
				);
				MACOSX_DEPLOYMENT_TARGET = "$(RECOMMENDED_MACOSX_DEPLOYMENT_TARGET)";
				MTL_ENABLE_DEBUG_INFO = YES;
				ONLY_ACTIVE_ARCH = YES;
				OTHER_CFLAGS = "-Wno-ctor-dtor-privacy";
				PRODUCT_BUNDLE_IDENTIFIER = "ICC.$(PRODUCT_NAME:rfc1034identifier)";
				PRODUCT_NAME = "$(TARGET_NAME)";
				SCAN_ALL_SOURCE_FILES_FOR_INCLUDES = NO;
			};
			name = Debug;
		};
		153677AC1DB58F9B0091F4E6 /* Release */ = {
			isa = XCBuildConfiguration;
			buildSettings = {
				ALWAYS_SEARCH_USER_PATHS = NO;
				ASSETCATALOG_COMPILER_APPICON_NAME = AppIcon;
				CLANG_CXX_LANGUAGE_STANDARD = "gnu++0x";
				CLANG_CXX_LIBRARY = "libstdc++";
				CLANG_ENABLE_MODULES = YES;
				CLANG_ENABLE_OBJC_ARC = YES;
				CLANG_WARN_BOOL_CONVERSION = YES;
				CLANG_WARN_CONSTANT_CONVERSION = YES;
				CLANG_WARN_DIRECT_OBJC_ISA_USAGE = YES_ERROR;
				CLANG_WARN_EMPTY_BODY = YES;
				CLANG_WARN_ENUM_CONVERSION = YES;
				CLANG_WARN_INT_CONVERSION = YES;
				CLANG_WARN_OBJC_ROOT_CLASS = YES_ERROR;
				CLANG_WARN_UNREACHABLE_CODE = YES;
				CLANG_WARN__DUPLICATE_METHOD_MATCH = YES;
				CODE_SIGN_IDENTITY = "-";
				COMBINE_HIDPI_IMAGES = YES;
				COPY_PHASE_STRIP = NO;
				DEBUG_INFORMATION_FORMAT = "dwarf-with-dsym";
				ENABLE_NS_ASSERTIONS = NO;
				ENABLE_STRICT_OBJC_MSGSEND = YES;
				FRAMEWORK_SEARCH_PATHS = /System/Library/Frameworks;
				GCC_C_LANGUAGE_STANDARD = gnu99;
				GCC_PRECOMPILE_PREFIX_HEADER = YES;
				GCC_PREFIX_HEADER = wxProfileDump.pch;
				GCC_PREPROCESSOR_DEFINITIONS = "";
				GCC_WARN_64_TO_32_BIT_CONVERSION = YES;
				GCC_WARN_ABOUT_RETURN_TYPE = YES_ERROR;
				GCC_WARN_UNDECLARED_SELECTOR = YES;
				GCC_WARN_UNINITIALIZED_AUTOS = YES_AGGRESSIVE;
				GCC_WARN_UNUSED_FUNCTION = YES;
				GCC_WARN_UNUSED_VARIABLE = YES;
				HEADER_SEARCH_PATHS = (
					"$(inherited)",
					/Applications/Xcode.app/Contents/Developer/Toolchains/XcodeDefault.xctoolchain/usr/include,
					"$(WXWIN)/lib/wx/include/mac-unicode-release-$(WXVER)",
					"$(WXWIN)/include/wx-$(WXVER)",
					../../../IccProfLib,
					.,
				);
				INFOPLIST_FILE = Info.plist;
				LD_RUNPATH_SEARCH_PATHS = "$(inherited) @executable_path/../Frameworks";
				LIBRARY_SEARCH_PATHS = (
					"$(inherited)",
					../../../Build/XCode/lib,
					"$(WXWIN)/lib",
				);
				MACOSX_DEPLOYMENT_TARGET = "$(RECOMMENDED_MACOSX_DEPLOYMENT_TARGET)";
				MTL_ENABLE_DEBUG_INFO = NO;
				OTHER_CFLAGS = "-Wno-ctor-dtor-privacy";
				PRODUCT_BUNDLE_IDENTIFIER = "ICC.$(PRODUCT_NAME:rfc1034identifier)";
				PRODUCT_NAME = "$(TARGET_NAME)";
				SCAN_ALL_SOURCE_FILES_FOR_INCLUDES = NO;
			};
			name = Release;
		};
/* End XCBuildConfiguration section */

/* Begin XCConfigurationList section */
		153677851DB58F7C0091F4E6 /* Build configuration list for PBXProject "wxProfileDump" */ = {
			isa = XCConfigurationList;
			buildConfigurations = (
				153677861DB58F7C0091F4E6 /* Debug */,
				153677871DB58F7C0091F4E6 /* Release */,
			);
			defaultConfigurationIsVisible = 0;
			defaultConfigurationName = Release;
		};
		153677AA1DB58F9B0091F4E6 /* Build configuration list for PBXNativeTarget "wxProfileDump" */ = {
			isa = XCConfigurationList;
			buildConfigurations = (
				153677AB1DB58F9B0091F4E6 /* Debug */,
				153677AC1DB58F9B0091F4E6 /* Release */,
			);
			defaultConfigurationIsVisible = 0;
			defaultConfigurationName = Release;
		};
/* End XCConfigurationList section */
	};
	rootObject = 153677821DB58F7C0091F4E6 /* Project object */;
}
