// !$*UTF8*$!
{
	archiveVersion = 1;
	classes = {
	};
	objectVersion = 46;
	objects = {

/* Begin PBXBuildFile section */
		30DF55F51C27D5230031E9FA /* libIccProfLib.a in Frameworks */ = {isa = PBXBuildFile; fileRef = 30DF55F41C27D5230031E9FA /* libIccProfLib.a */; };
		D2E4615805D9820200369F64 /* RefIccMAXCmm.cpp in Sources */ = {isa = PBXBuildFile; fileRef = 069390F600CDABE311CA254A /* RefIccMAXCmm.cpp */; };
		D2E4615A05D9820200369F64 /* ApplicationServices.framework in Frameworks */ = {isa = PBXBuildFile; fileRef = 069390FC00CDAD9411CA254A /* ApplicationServices.framework */; };
/* End PBXBuildFile section */

/* Begin PBXFileReference section */
		069390F600CDABE311CA254A /* RefIccMAXCmm.cpp */ = {isa = PBXFileReference; fileEncoding = 30; lastKnownFileType = sourcecode.cpp.cpp; lineEnding = 0; path = RefIccMAXCmm.cpp; sourceTree = "<group>"; };
		069390FC00CDAD9411CA254A /* ApplicationServices.framework */ = {isa = PBXFileReference; lastKnownFileType = wrapper.framework; name = ApplicationServices.framework; path = /System/Library/Frameworks/ApplicationServices.framework; sourceTree = "<absolute>"; };
		30DF55F41C27D5230031E9FA /* libIccProfLib.a */ = {isa = PBXFileReference; lastKnownFileType = archive.ar; name = libIccProfLib.a; path = ../../../Build/XCode/lib/libIccProfLib.a; sourceTree = "<group>"; };
		D2E4615E05D9820200369F64 /* RefIccLabs.cmm */ = {isa = PBXFileReference; explicitFileType = wrapper.cfbundle; includeInIndex = 0; path = RefIccLabs.cmm; sourceTree = BUILT_PRODUCTS_DIR; };
/* End PBXFileReference section */

/* Begin PBXFrameworksBuildPhase section */
		D2E4615905D9820200369F64 /* Frameworks */ = {
			isa = PBXFrameworksBuildPhase;
			buildActionMask = 2147483647;
			files = (
				30DF55F51C27D5230031E9FA /* libIccProfLib.a in Frameworks */,
				D2E4615A05D9820200369F64 /* ApplicationServices.framework in Frameworks */,
			);
			runOnlyForDeploymentPostprocessing = 0;
		};
/* End PBXFrameworksBuildPhase section */

/* Begin PBXGroup section */
		089C166AFE841209C02AAC07 /* RefIccMAXCmm */ = {
			isa = PBXGroup;
			children = (
				069390F600CDABE311CA254A /* RefIccMAXCmm.cpp */,
				30DF55F41C27D5230031E9FA /* libIccProfLib.a */,
				089C1671FE841209C02AAC07 /* External Frameworks and Libraries */,
				19C28FB4FE9D528D11CA2CBB /* Products */,
			);
			name = RefIccMAXCmm;
			sourceTree = "<group>";
		};
		089C1671FE841209C02AAC07 /* External Frameworks and Libraries */ = {
			isa = PBXGroup;
			children = (
				069390FC00CDAD9411CA254A /* ApplicationServices.framework */,
			);
			name = "External Frameworks and Libraries";
			sourceTree = "<group>";
		};
		19C28FB4FE9D528D11CA2CBB /* Products */ = {
			isa = PBXGroup;
			children = (
				D2E4615E05D9820200369F64 /* RefIccLabs.cmm */,
			);
			name = Products;
			sourceTree = "<group>";
		};
/* End PBXGroup section */

/* Begin PBXHeadersBuildPhase section */
		D2E4615505D9820200369F64 /* Headers */ = {
			isa = PBXHeadersBuildPhase;
			buildActionMask = 2147483647;
			files = (
			);
			runOnlyForDeploymentPostprocessing = 0;
		};
/* End PBXHeadersBuildPhase section */

/* Begin PBXNativeTarget section */
		D2E4615405D9820200369F64 /* RefIccMAXCmm */ = {
			isa = PBXNativeTarget;
			buildConfigurationList = D2A63CFC08FDC5CC00395C95 /* Build configuration list for PBXNativeTarget "RefIccMAXCmm" */;
			buildPhases = (
				D2E4615505D9820200369F64 /* Headers */,
				D2E4615605D9820200369F64 /* Resources */,
				D2E4615705D9820200369F64 /* Sources */,
				D2E4615905D9820200369F64 /* Frameworks */,
				D2E4615B05D9820200369F64 /* Rez */,
			);
			buildRules = (
			);
			dependencies = (
			);
			name = RefIccMAXCmm;
			productInstallPath = "$(HOME)/Library/ColorSync/CMMs";
			productName = RefIccMAXCmm;
			productReference = D2E4615E05D9820200369F64 /* RefIccLabs.cmm */;
			productType = "com.apple.product-type.bundle";
		};
/* End PBXNativeTarget section */

/* Begin PBXProject section */
		089C1669FE841209C02AAC07 /* Project object */ = {
			isa = PBXProject;
			attributes = {
				LastUpgradeCheck = 0720;
			};
			buildConfigurationList = D2A63D0008FDC5CC00395C95 /* Build configuration list for PBXProject "RefIccMAXCmm" */;
			compatibilityVersion = "Xcode 3.2";
			developmentRegion = English;
			hasScannedForEncodings = 1;
			knownRegions = (
				English,
				Japanese,
				French,
				German,
			);
			mainGroup = 089C166AFE841209C02AAC07 /* RefIccMAXCmm */;
			projectDirPath = "";
			projectRoot = "";
			targets = (
				D2E4615405D9820200369F64 /* RefIccMAXCmm */,
			);
		};
/* End PBXProject section */

/* Begin PBXResourcesBuildPhase section */
		D2E4615605D9820200369F64 /* Resources */ = {
			isa = PBXResourcesBuildPhase;
			buildActionMask = 2147483647;
			files = (
			);
			runOnlyForDeploymentPostprocessing = 0;
		};
/* End PBXResourcesBuildPhase section */

/* Begin PBXRezBuildPhase section */
		D2E4615B05D9820200369F64 /* Rez */ = {
			isa = PBXRezBuildPhase;
			buildActionMask = 2147483647;
			files = (
			);
			runOnlyForDeploymentPostprocessing = 0;
		};
/* End PBXRezBuildPhase section */

/* Begin PBXSourcesBuildPhase section */
		D2E4615705D9820200369F64 /* Sources */ = {
			isa = PBXSourcesBuildPhase;
			buildActionMask = 2147483647;
			files = (
				D2E4615805D9820200369F64 /* RefIccMAXCmm.cpp in Sources */,
			);
			runOnlyForDeploymentPostprocessing = 0;
		};
/* End PBXSourcesBuildPhase section */

/* Begin XCBuildConfiguration section */
		D2A63CFD08FDC5CC00395C95 /* Debug */ = {
			isa = XCBuildConfiguration;
			buildSettings = {
				COMBINE_HIDPI_IMAGES = YES;
				COPY_PHASE_STRIP = NO;
				GCC_DYNAMIC_NO_PIC = NO;
				GCC_ENABLE_FIX_AND_CONTINUE = YES;
				GCC_ENABLE_SSE3_EXTENSIONS = YES;
				GCC_ENABLE_SSE41_EXTENSIONS = YES;
				GCC_ENABLE_SSE42_EXTENSIONS = YES;
				GCC_ENABLE_SUPPLEMENTAL_SSE3_INSTRUCTIONS = YES;
				GCC_MODEL_TUNING = G5;
				GCC_OPTIMIZATION_LEVEL = 0;
				INFOPLIST_FILE = Info.plist;
				INSTALL_PATH = /Library/ColorSync/CMMs;
				MACOSX_DEPLOYMENT_TARGET = 10.9;
				OTHER_LDFLAGS = (
					"-weak_framework",
					ApplicationServices,
				);
				PRODUCT_NAME = RefIccLabs;
				WRAPPER_EXTENSION = cmm;
				ZERO_LINK = YES;
			};
			name = Debug;
		};
		D2A63CFE08FDC5CC00395C95 /* Release */ = {
			isa = XCBuildConfiguration;
			buildSettings = {
				COMBINE_HIDPI_IMAGES = YES;
				GCC_AUTO_VECTORIZATION = YES;
				GCC_ENABLE_SSE3_EXTENSIONS = YES;
				GCC_ENABLE_SSE41_EXTENSIONS = YES;
				GCC_ENABLE_SSE42_EXTENSIONS = YES;
				GCC_ENABLE_SUPPLEMENTAL_SSE3_INSTRUCTIONS = YES;
				GCC_GENERATE_DEBUGGING_SYMBOLS = NO;
				GCC_MODEL_TUNING = G5;
				INFOPLIST_FILE = Info.plist;
				INSTALL_PATH = /Library/ColorSync/CMMs;
				MACOSX_DEPLOYMENT_TARGET = 10.9;
				OTHER_LDFLAGS = (
					"-weak_framework",
					ApplicationServices,
				);
				PRODUCT_NAME = RefIccLabs;
				WRAPPER_EXTENSION = cmm;
			};
			name = Release;
		};
		D2A63D0108FDC5CC00395C95 /* Debug */ = {
			isa = XCBuildConfiguration;
			buildSettings = {
				CLANG_CXX_LIBRARY = "libstdc++";
				ENABLE_TESTABILITY = YES;
				GCC_WARN_ABOUT_RETURN_TYPE = YES;
				GCC_WARN_UNUSED_VARIABLE = YES;
				HEADER_SEARCH_PATHS = ../../../IccProfLib;
				LIBRARY_SEARCH_PATHS = ../../../Build/Xcode/lib;
				MACOSX_DEPLOYMENT_TARGET = 10.9;
				ONLY_ACTIVE_ARCH = YES;
				PREBINDING = NO;
			};
			name = Debug;
		};
		D2A63D0208FDC5CC00395C95 /* Release */ = {
			isa = XCBuildConfiguration;
			buildSettings = {
				CLANG_CXX_LIBRARY = "libstdc++";
				GCC_WARN_ABOUT_RETURN_TYPE = YES;
				GCC_WARN_UNUSED_VARIABLE = YES;
				HEADER_SEARCH_PATHS = ../../../IccProfLib;
				LIBRARY_SEARCH_PATHS = ../../../Build/Xcode/lib;
				MACOSX_DEPLOYMENT_TARGET = 10.9;
				PREBINDING = NO;
			};
			name = Release;
		};
/* End XCBuildConfiguration section */

/* Begin XCConfigurationList section */
		D2A63CFC08FDC5CC00395C95 /* Build configuration list for PBXNativeTarget "RefIccMAXCmm" */ = {
			isa = XCConfigurationList;
			buildConfigurations = (
				D2A63CFD08FDC5CC00395C95 /* Debug */,
				D2A63CFE08FDC5CC00395C95 /* Release */,
			);
			defaultConfigurationIsVisible = 0;
			defaultConfigurationName = Release;
		};
		D2A63D0008FDC5CC00395C95 /* Build configuration list for PBXProject "RefIccMAXCmm" */ = {
			isa = XCConfigurationList;
			buildConfigurations = (
				D2A63D0108FDC5CC00395C95 /* Debug */,
				D2A63D0208FDC5CC00395C95 /* Release */,
			);
			defaultConfigurationIsVisible = 0;
			defaultConfigurationName = Release;
		};
/* End XCConfigurationList section */
	};
	rootObject = 089C1669FE841209C02AAC07 /* Project object */;
}
