// !$*UTF8*$!
{
	archiveVersion = 1;
	classes = {
	};
	objectVersion = 46;
	objects = {

/* Begin PBXBuildFile section */
		30369EEC1C2173F900CE23F5 /* iccDumpProfile.cpp in Sources */ = {isa = PBXBuildFile; fileRef = 30369EEB1C2173F900CE23F5 /* iccDumpProfile.cpp */; };
		30369EF01C21745F00CE23F5 /* libIccProfLib.a in Frameworks */ = {isa = PBXBuildFile; fileRef = 30369EED1C21745F00CE23F5 /* libIccProfLib.a */; };
/* End PBXBuildFile section */

/* Begin PBXCopyFilesBuildPhase section */
		30369EDF1C2173DB00CE23F5 /* CopyFiles */ = {
			isa = PBXCopyFilesBuildPhase;
			buildActionMask = 2147483647;
			dstPath = /usr/share/man/man1/;
			dstSubfolderSpec = 0;
			files = (
			);
			runOnlyForDeploymentPostprocessing = 1;
		};
/* End PBXCopyFilesBuildPhase section */

/* Begin PBXFileReference section */
		30369EE11C2173DB00CE23F5 /* IccDumpProfile */ = {isa = PBXFileReference; explicitFileType = "compiled.mach-o.executable"; includeInIndex = 0; path = IccDumpProfile; sourceTree = BUILT_PRODUCTS_DIR; };
		30369EEB1C2173F900CE23F5 /* iccDumpProfile.cpp */ = {isa = PBXFileReference; fileEncoding = 4; lastKnownFileType = sourcecode.cpp.cpp; path = iccDumpProfile.cpp; sourceTree = SOURCE_ROOT; };
		30369EED1C21745F00CE23F5 /* libIccProfLib.a */ = {isa = PBXFileReference; lastKnownFileType = archive.ar; name = libIccProfLib.a; path = ../../../../../build/XCode/lib/libIccProfLib.a; sourceTree = SOURCE_ROOT; };
/* End PBXFileReference section */

/* Begin PBXFrameworksBuildPhase section */
		30369EDE1C2173DB00CE23F5 /* Frameworks */ = {
			isa = PBXFrameworksBuildPhase;
			buildActionMask = 2147483647;
			files = (
				30369EF01C21745F00CE23F5 /* libIccProfLib.a in Frameworks */,
			);
			runOnlyForDeploymentPostprocessing = 0;
		};
/* End PBXFrameworksBuildPhase section */

/* Begin PBXGroup section */
		30369ED81C2173DB00CE23F5 = {
			isa = PBXGroup;
			children = (
				30369EE31C2173DB00CE23F5 /* IccDumpProfile */,
				30369EE21C2173DB00CE23F5 /* Products */,
			);
			sourceTree = "<group>";
		};
		30369EE21C2173DB00CE23F5 /* Products */ = {
			isa = PBXGroup;
			children = (
				30369EE11C2173DB00CE23F5 /* IccDumpProfile */,
			);
			name = Products;
			sourceTree = "<group>";
		};
		30369EE31C2173DB00CE23F5 /* IccDumpProfile */ = {
			isa = PBXGroup;
			children = (
				30369EEB1C2173F900CE23F5 /* iccDumpProfile.cpp */,
				30369EED1C21745F00CE23F5 /* libIccProfLib.a */,
			);
			path = IccDumpProfile;
			sourceTree = "<group>";
		};
/* End PBXGroup section */

/* Begin PBXNativeTarget section */
		30369EE01C2173DB00CE23F5 /* IccDumpProfile */ = {
			isa = PBXNativeTarget;
			buildConfigurationList = 30369EE81C2173DB00CE23F5 /* Build configuration list for PBXNativeTarget "IccDumpProfile" */;
			buildPhases = (
				30369EDD1C2173DB00CE23F5 /* Sources */,
				30369EDE1C2173DB00CE23F5 /* Frameworks */,
				30369EDF1C2173DB00CE23F5 /* CopyFiles */,
			);
			buildRules = (
			);
			dependencies = (
			);
			name = IccDumpProfile;
			productName = IccDumpProfile;
			productReference = 30369EE11C2173DB00CE23F5 /* IccDumpProfile */;
			productType = "com.apple.product-type.tool";
		};
/* End PBXNativeTarget section */

/* Begin PBXProject section */
		30369ED91C2173DB00CE23F5 /* Project object */ = {
			isa = PBXProject;
			attributes = {
				LastUpgradeCheck = 0720;
				ORGANIZATIONNAME = "Franz Herbert";
				TargetAttributes = {
					30369EE01C2173DB00CE23F5 = {
						CreatedOnToolsVersion = 7.2;
					};
				};
			};
			buildConfigurationList = 30369EDC1C2173DB00CE23F5 /* Build configuration list for PBXProject "IccDumpProfile" */;
			compatibilityVersion = "Xcode 3.2";
			developmentRegion = English;
			hasScannedForEncodings = 0;
			knownRegions = (
				en,
			);
			mainGroup = 30369ED81C2173DB00CE23F5;
			productRefGroup = 30369EE21C2173DB00CE23F5 /* Products */;
			projectDirPath = "";
			projectRoot = "";
			targets = (
				30369EE01C2173DB00CE23F5 /* IccDumpProfile */,
			);
		};
/* End PBXProject section */

/* Begin PBXSourcesBuildPhase section */
		30369EDD1C2173DB00CE23F5 /* Sources */ = {
			isa = PBXSourcesBuildPhase;
			buildActionMask = 2147483647;
			files = (
				30369EEC1C2173F900CE23F5 /* iccDumpProfile.cpp in Sources */,
			);
			runOnlyForDeploymentPostprocessing = 0;
		};
/* End PBXSourcesBuildPhase section */

/* Begin XCBuildConfiguration section */
		30369EE61C2173DB00CE23F5 /* Debug */ = {
			isa = XCBuildConfiguration;
			buildSettings = {
				ALWAYS_SEARCH_USER_PATHS = NO;
				CLANG_CXX_LANGUAGE_STANDARD = "gnu++0x";
				CLANG_CXX_LIBRARY = "libc++";
				CLANG_ENABLE_MODULES = YES;
				CLANG_ENABLE_OBJC_ARC = YES;
				CLANG_WARN_BOOL_CONVERSION = YES;
				CLANG_WARN_CONSTANT_CONVERSION = YES;
				CLANG_WARN_DIRECT_OBJC_ISA_USAGE = YES_ERROR;
				CLANG_WARN_EMPTY_BODY = YES;
				CLANG_WARN_ENUM_CONVERSION = YES;
				CLANG_WARN_INT_CONVERSION = YES;
				CLANG_WARN_OBJC_ROOT_CLASS = YES_ERROR;
				CLANG_WARN_UNREACHABLE_CODE = YES;
				CLANG_WARN__DUPLICATE_METHOD_MATCH = YES;
				CODE_SIGN_IDENTITY = "-";
				COPY_PHASE_STRIP = NO;
				DEBUG_INFORMATION_FORMAT = dwarf;
				ENABLE_STRICT_OBJC_MSGSEND = YES;
				ENABLE_TESTABILITY = YES;
				GCC_C_LANGUAGE_STANDARD = gnu99;
				GCC_DYNAMIC_NO_PIC = NO;
				GCC_NO_COMMON_BLOCKS = YES;
				GCC_OPTIMIZATION_LEVEL = 0;
				GCC_PREPROCESSOR_DEFINITIONS = (
					"DEBUG=1",
					"$(inherited)",
				);
				GCC_WARN_64_TO_32_BIT_CONVERSION = YES;
				GCC_WARN_ABOUT_RETURN_TYPE = YES_ERROR;
				GCC_WARN_UNDECLARED_SELECTOR = YES;
				GCC_WARN_UNINITIALIZED_AUTOS = YES_AGGRESSIVE;
				GCC_WARN_UNUSED_FUNCTION = YES;
				GCC_WARN_UNUSED_VARIABLE = YES;
				MACOSX_DEPLOYMENT_TARGET = 10.11;
				MTL_ENABLE_DEBUG_INFO = YES;
				ONLY_ACTIVE_ARCH = YES;
				SDKROOT = macosx;
			};
			name = Debug;
		};
		30369EE71C2173DB00CE23F5 /* Release */ = {
			isa = XCBuildConfiguration;
			buildSettings = {
				ALWAYS_SEARCH_USER_PATHS = NO;
				CLANG_CXX_LANGUAGE_STANDARD = "gnu++0x";
				CLANG_CXX_LIBRARY = "libc++";
				CLANG_ENABLE_MODULES = YES;
				CLANG_ENABLE_OBJC_ARC = YES;
				CLANG_WARN_BOOL_CONVERSION = YES;
				CLANG_WARN_CONSTANT_CONVERSION = YES;
				CLANG_WARN_DIRECT_OBJC_ISA_USAGE = YES_ERROR;
				CLANG_WARN_EMPTY_BODY = YES;
				CLANG_WARN_ENUM_CONVERSION = YES;
				CLANG_WARN_INT_CONVERSION = YES;
				CLANG_WARN_OBJC_ROOT_CLASS = YES_ERROR;
				CLANG_WARN_UNREACHABLE_CODE = YES;
				CLANG_WARN__DUPLICATE_METHOD_MATCH = YES;
				CODE_SIGN_IDENTITY = "-";
				COPY_PHASE_STRIP = NO;
				DEBUG_INFORMATION_FORMAT = "dwarf-with-dsym";
				ENABLE_NS_ASSERTIONS = NO;
				ENABLE_STRICT_OBJC_MSGSEND = YES;
				GCC_C_LANGUAGE_STANDARD = gnu99;
				GCC_NO_COMMON_BLOCKS = YES;
				GCC_WARN_64_TO_32_BIT_CONVERSION = YES;
				GCC_WARN_ABOUT_RETURN_TYPE = YES_ERROR;
				GCC_WARN_UNDECLARED_SELECTOR = YES;
				GCC_WARN_UNINITIALIZED_AUTOS = YES_AGGRESSIVE;
				GCC_WARN_UNUSED_FUNCTION = YES;
				GCC_WARN_UNUSED_VARIABLE = YES;
				MACOSX_DEPLOYMENT_TARGET = 10.11;
				MTL_ENABLE_DEBUG_INFO = NO;
				SDKROOT = macosx;
			};
			name = Release;
		};
		30369EE91C2173DB00CE23F5 /* Debug */ = {
			isa = XCBuildConfiguration;
			buildSettings = {
				CLANG_CXX_LIBRARY = "libstdc++";
				HEADER_SEARCH_PATHS = ../../../IccProfLib;
				LIBRARY_SEARCH_PATHS = ../../../Build/Xcode/lib;
				PRODUCT_NAME = "$(TARGET_NAME)";
			};
			name = Debug;
		};
		30369EEA1C2173DB00CE23F5 /* Release */ = {
			isa = XCBuildConfiguration;
			buildSettings = {
				CLANG_CXX_LIBRARY = "libstdc++";
				HEADER_SEARCH_PATHS = ../../../IccProfLib;
				LIBRARY_SEARCH_PATHS = ../../../Build/Xcode/lib;
				PRODUCT_NAME = "$(TARGET_NAME)";
			};
			name = Release;
		};
/* End XCBuildConfiguration section */

/* Begin XCConfigurationList section */
		30369EDC1C2173DB00CE23F5 /* Build configuration list for PBXProject "IccDumpProfile" */ = {
			isa = XCConfigurationList;
			buildConfigurations = (
				30369EE61C2173DB00CE23F5 /* Debug */,
				30369EE71C2173DB00CE23F5 /* Release */,
			);
			defaultConfigurationIsVisible = 0;
			defaultConfigurationName = Release;
		};
		30369EE81C2173DB00CE23F5 /* Build configuration list for PBXNativeTarget "IccDumpProfile" */ = {
			isa = XCConfigurationList;
			buildConfigurations = (
				30369EE91C2173DB00CE23F5 /* Debug */,
				30369EEA1C2173DB00CE23F5 /* Release */,
			);
			defaultConfigurationIsVisible = 0;
			defaultConfigurationName = Release;
		};
/* End XCConfigurationList section */
	};
	rootObject = 30369ED91C2173DB00CE23F5 /* Project object */;
}
