// !$*UTF8*$!
{
	archiveVersion = 1;
	classes = {
	};
	objectVersion = 54;
	objects = {

/* Begin PBXBuildFile section */
		1DFDC7BD2BEBE97A0032FC2D /* libtiff.a in Frameworks */ = {isa = PBXBuildFile; fileRef = 1DFDC7BB2BEBE8DE0032FC2D /* libtiff.a */; };
		1DFDC7BE2BEBE98E0032FC2D /* libIccProfLib.a in Frameworks */ = {isa = PBXBuildFile; fileRef = 1DFDC7B82BEBE3B20032FC2D /* libIccProfLib.a */; };
		1DFDC7C02BEBE9A00032FC2D /* liblzma.a in Frameworks */ = {isa = PBXBuildFile; fileRef = 1DFDC7BF2BEBE9A00032FC2D /* liblzma.a */; settings = {ATTRIBUTES = (Required, ); }; };
		1DFDC7C22BEBECF70032FC2D /* libz.a in Frameworks */ = {isa = PBXBuildFile; fileRef = 1DFDC7C12BEBECF70032FC2D /* libz.a */; settings = {ATTRIBUTES = (Required, ); }; };
		1DFDC7C42BEBED2A0032FC2D /* libjpeg.a in Frameworks */ = {isa = PBXBuildFile; fileRef = 1DFDC7C32BEBED2A0032FC2D /* libjpeg.a */; settings = {ATTRIBUTES = (Required, ); }; };
		302BFCC11C215CA20063E0D2 /* iccApplyProfiles.cpp in Sources */ = {isa = PBXBuildFile; fileRef = 302BFCBE1C215CA20063E0D2 /* iccApplyProfiles.cpp */; };
		552ACD931C7CE5ED00E9FB5E /* TiffImg.cpp in Sources */ = {isa = PBXBuildFile; fileRef = 552ACD921C7CE5ED00E9FB5E /* TiffImg.cpp */; };
/* End PBXBuildFile section */

/* Begin PBXCopyFilesBuildPhase section */
		302BFCB21C215C140063E0D2 /* CopyFiles */ = {
			isa = PBXCopyFilesBuildPhase;
			buildActionMask = 2147483647;
			dstPath = /usr/share/man/man1/;
			dstSubfolderSpec = 0;
			files = (
			);
			runOnlyForDeploymentPostprocessing = 1;
		};
/* End PBXCopyFilesBuildPhase section */

/* Begin PBXFileReference section */
		1DFDC7B52BEBE3650032FC2D /* libtiff.a */ = {isa = PBXFileReference; lastKnownFileType = archive.ar; name = libtiff.a; path = ../../../Build/XCode/libtiff/libtiff.a; sourceTree = "<group>"; };
		1DFDC7B82BEBE3B20032FC2D /* libIccProfLib.a */ = {isa = PBXFileReference; lastKnownFileType = archive.ar; name = libIccProfLib.a; path = ../../../Build/XCode/lib/libIccProfLib.a; sourceTree = "<group>"; };
		1DFDC7BB2BEBE8DE0032FC2D /* libtiff.a */ = {isa = PBXFileReference; lastKnownFileType = archive.ar; name = libtiff.a; path = ../../../Build/libtiff/lib/libtiff.a; sourceTree = "<group>"; };
		1DFDC7BF2BEBE9A00032FC2D /* liblzma.a */ = {isa = PBXFileReference; lastKnownFileType = archive.ar; name = liblzma.a; path = ../../../../../../../usr/local/Cellar/xz/5.4.6/lib/liblzma.a; sourceTree = "<group>"; };
		1DFDC7C12BEBECF70032FC2D /* libz.a */ = {isa = PBXFileReference; lastKnownFileType = archive.ar; name = libz.a; path = ../../../../../Downloads/Argyll_V3.0.3_beta6/zlib/libz.a; sourceTree = "<group>"; };
		1DFDC7C32BEBED2A0032FC2D /* libjpeg.a */ = {isa = PBXFileReference; lastKnownFileType = archive.ar; name = libjpeg.a; path = ../../../../../Library/Caches/Homebrew/Backup/lib/libjpeg.a; sourceTree = "<group>"; };
		302BFCB41C215C140063E0D2 /* iccApplyProfiles */ = {isa = PBXFileReference; explicitFileType = "compiled.mach-o.executable"; includeInIndex = 0; path = iccApplyProfiles; sourceTree = BUILT_PRODUCTS_DIR; };
		302BFCBE1C215CA20063E0D2 /* iccApplyProfiles.cpp */ = {isa = PBXFileReference; fileEncoding = 4; lastKnownFileType = sourcecode.cpp.cpp; path = iccApplyProfiles.cpp; sourceTree = SOURCE_ROOT; };
		302BFCC31C215CF90063E0D2 /* libIccProfLib.a */ = {isa = PBXFileReference; lastKnownFileType = archive.ar; name = libIccProfLib.a; path = ../../../../../build/XCode/lib/libIccProfLib.a; sourceTree = SOURCE_ROOT; };
		302BFCC41C215CF90063E0D2 /* libtiff.a */ = {isa = PBXFileReference; lastKnownFileType = archive.ar; name = libtiff.a; path = ../../../../../build/XCode/libtiff/libtiff.a; sourceTree = SOURCE_ROOT; };
		552ACD921C7CE5ED00E9FB5E /* TiffImg.cpp */ = {isa = PBXFileReference; fileEncoding = 4; lastKnownFileType = sourcecode.cpp.cpp; path = TiffImg.cpp; sourceTree = SOURCE_ROOT; };
		552ACD941C7CE5F300E9FB5E /* TiffImg.h */ = {isa = PBXFileReference; fileEncoding = 4; lastKnownFileType = sourcecode.c.h; path = TiffImg.h; sourceTree = SOURCE_ROOT; };
		552ACD971C7CE65900E9FB5E /* liblzma.a */ = {isa = PBXFileReference; lastKnownFileType = archive.ar; name = liblzma.a; path = ../../../../Build/XCode/libtiff/liblzma.a; sourceTree = "<group>"; };
		552ACD991C7CE65F00E9FB5E /* libjpeg.a */ = {isa = PBXFileReference; lastKnownFileType = archive.ar; name = libjpeg.a; path = ../../../../Build/XCode/libtiff/libjpeg.a; sourceTree = "<group>"; };
		552ACD9B1C7CE66300E9FB5E /* libz.a */ = {isa = PBXFileReference; lastKnownFileType = archive.ar; name = libz.a; path = ../../../../Build/XCode/libtiff/libz.a; sourceTree = "<group>"; };
/* End PBXFileReference section */

/* Begin PBXFrameworksBuildPhase section */
		302BFCB11C215C140063E0D2 /* Frameworks */ = {
			isa = PBXFrameworksBuildPhase;
			buildActionMask = 2147483647;
			files = (
				1DFDC7C42BEBED2A0032FC2D /* libjpeg.a in Frameworks */,
				1DFDC7BD2BEBE97A0032FC2D /* libtiff.a in Frameworks */,
				1DFDC7BE2BEBE98E0032FC2D /* libIccProfLib.a in Frameworks */,
				1DFDC7C02BEBE9A00032FC2D /* liblzma.a in Frameworks */,
				1DFDC7C22BEBECF70032FC2D /* libz.a in Frameworks */,
			);
			runOnlyForDeploymentPostprocessing = 0;
		};
/* End PBXFrameworksBuildPhase section */

/* Begin PBXGroup section */
		1DFDC7B42BEBE3650032FC2D /* Frameworks */ = {
			isa = PBXGroup;
			children = (
				1DFDC7C32BEBED2A0032FC2D /* libjpeg.a */,
				1DFDC7C12BEBECF70032FC2D /* libz.a */,
				1DFDC7BF2BEBE9A00032FC2D /* liblzma.a */,
				1DFDC7BB2BEBE8DE0032FC2D /* libtiff.a */,
				1DFDC7B82BEBE3B20032FC2D /* libIccProfLib.a */,
				1DFDC7B52BEBE3650032FC2D /* libtiff.a */,
			);
			name = Frameworks;
			sourceTree = "<group>";
		};
		302BFCAB1C215C140063E0D2 = {
			isa = PBXGroup;
			children = (
				302BFCB61C215C140063E0D2 /* iccApplyProfiles */,
				302BFCB51C215C140063E0D2 /* Products */,
				1DFDC7B42BEBE3650032FC2D /* Frameworks */,
			);
			sourceTree = "<group>";
		};
		302BFCB51C215C140063E0D2 /* Products */ = {
			isa = PBXGroup;
			children = (
				302BFCB41C215C140063E0D2 /* iccApplyProfiles */,
			);
			name = Products;
			sourceTree = "<group>";
		};
		302BFCB61C215C140063E0D2 /* iccApplyProfiles */ = {
			isa = PBXGroup;
			children = (
				552ACD9B1C7CE66300E9FB5E /* libz.a */,
				552ACD991C7CE65F00E9FB5E /* libjpeg.a */,
				552ACD971C7CE65900E9FB5E /* liblzma.a */,
				552ACD941C7CE5F300E9FB5E /* TiffImg.h */,
				552ACD921C7CE5ED00E9FB5E /* TiffImg.cpp */,
				302BFCBE1C215CA20063E0D2 /* iccApplyProfiles.cpp */,
				302BFCC31C215CF90063E0D2 /* libIccProfLib.a */,
				302BFCC41C215CF90063E0D2 /* libtiff.a */,
			);
			path = iccApplyProfiles;
			sourceTree = "<group>";
		};
/* End PBXGroup section */

/* Begin PBXNativeTarget section */
		302BFCB31C215C140063E0D2 /* iccApplyProfiles */ = {
			isa = PBXNativeTarget;
			buildConfigurationList = 302BFCBB1C215C140063E0D2 /* Build configuration list for PBXNativeTarget "iccApplyProfiles" */;
			buildPhases = (
				302BFCB01C215C140063E0D2 /* Sources */,
				302BFCB11C215C140063E0D2 /* Frameworks */,
				302BFCB21C215C140063E0D2 /* CopyFiles */,
			);
			buildRules = (
			);
			dependencies = (
			);
			name = iccApplyProfiles;
			productName = iccApplyProfiles;
			productReference = 302BFCB41C215C140063E0D2 /* iccApplyProfiles */;
			productType = "com.apple.product-type.tool";
		};
/* End PBXNativeTarget section */

/* Begin PBXProject section */
		302BFCAC1C215C140063E0D2 /* Project object */ = {
			isa = PBXProject;
			attributes = {
				BuildIndependentTargetsInParallel = YES;
				LastUpgradeCheck = 1530;
				ORGANIZATIONNAME = "Franz Herbert";
				TargetAttributes = {
					302BFCB31C215C140063E0D2 = {
						CreatedOnToolsVersion = 7.2;
					};
				};
			};
			buildConfigurationList = 302BFCAF1C215C140063E0D2 /* Build configuration list for PBXProject "iccApplyProfiles" */;
			compatibilityVersion = "Xcode 3.2";
			developmentRegion = en;
			hasScannedForEncodings = 0;
			knownRegions = (
				en,
				Base,
			);
			mainGroup = 302BFCAB1C215C140063E0D2;
			productRefGroup = 302BFCB51C215C140063E0D2 /* Products */;
			projectDirPath = "";
			projectRoot = "";
			targets = (
				302BFCB31C215C140063E0D2 /* iccApplyProfiles */,
			);
		};
/* End PBXProject section */

/* Begin PBXSourcesBuildPhase section */
		302BFCB01C215C140063E0D2 /* Sources */ = {
			isa = PBXSourcesBuildPhase;
			buildActionMask = 2147483647;
			files = (
				302BFCC11C215CA20063E0D2 /* iccApplyProfiles.cpp in Sources */,
				552ACD931C7CE5ED00E9FB5E /* TiffImg.cpp in Sources */,
			);
			runOnlyForDeploymentPostprocessing = 0;
		};
/* End PBXSourcesBuildPhase section */

/* Begin XCBuildConfiguration section */
		302BFCB91C215C140063E0D2 /* Debug */ = {
			isa = XCBuildConfiguration;
			buildSettings = {
				ALWAYS_SEARCH_USER_PATHS = NO;
				CLANG_ANALYZER_LOCALIZABILITY_NONLOCALIZED = YES;
				CLANG_CXX_LANGUAGE_STANDARD = "c++17";
				CLANG_CXX_LIBRARY = "libc++";
				CLANG_ENABLE_MODULES = YES;
				CLANG_ENABLE_OBJC_ARC = YES;
				CLANG_WARN_BLOCK_CAPTURE_AUTORELEASING = YES;
				CLANG_WARN_BOOL_CONVERSION = YES;
				CLANG_WARN_COMMA = YES;
				CLANG_WARN_CONSTANT_CONVERSION = YES;
				CLANG_WARN_DEPRECATED_OBJC_IMPLEMENTATIONS = YES;
				CLANG_WARN_DIRECT_OBJC_ISA_USAGE = YES_ERROR;
				CLANG_WARN_EMPTY_BODY = YES;
				CLANG_WARN_ENUM_CONVERSION = YES;
				CLANG_WARN_INFINITE_RECURSION = YES;
				CLANG_WARN_INT_CONVERSION = YES;
				CLANG_WARN_NON_LITERAL_NULL_CONVERSION = YES;
				CLANG_WARN_OBJC_IMPLICIT_RETAIN_SELF = YES;
				CLANG_WARN_OBJC_LITERAL_CONVERSION = YES;
				CLANG_WARN_OBJC_ROOT_CLASS = YES_ERROR;
				CLANG_WARN_QUOTED_INCLUDE_IN_FRAMEWORK_HEADER = YES;
				CLANG_WARN_RANGE_LOOP_ANALYSIS = YES;
				CLANG_WARN_STRICT_PROTOTYPES = YES;
				CLANG_WARN_SUSPICIOUS_MOVE = YES;
				CLANG_WARN_UNREACHABLE_CODE = YES;
				CLANG_WARN__DUPLICATE_METHOD_MATCH = YES;
				CODE_SIGN_IDENTITY = "-";
				COPY_PHASE_STRIP = NO;
				DEAD_CODE_STRIPPING = YES;
				DEBUG_INFORMATION_FORMAT = dwarf;
				ENABLE_STRICT_OBJC_MSGSEND = YES;
				ENABLE_TESTABILITY = YES;
				ENABLE_USER_SCRIPT_SANDBOXING = YES;
				GCC_C_LANGUAGE_STANDARD = c17;
				GCC_DYNAMIC_NO_PIC = NO;
				GCC_NO_COMMON_BLOCKS = YES;
				GCC_OPTIMIZATION_LEVEL = 0;
				GCC_PREPROCESSOR_DEFINITIONS = (
					"DEBUG=1",
					"$(inherited)",
				);
				GCC_WARN_64_TO_32_BIT_CONVERSION = YES;
				GCC_WARN_ABOUT_RETURN_TYPE = YES_ERROR;
				GCC_WARN_UNDECLARED_SELECTOR = YES;
				GCC_WARN_UNINITIALIZED_AUTOS = YES_AGGRESSIVE;
				GCC_WARN_UNUSED_FUNCTION = YES;
				GCC_WARN_UNUSED_VARIABLE = YES;
				LIBRARY_SEARCH_PATHS = (
					"/opt/homebrew/lib\n/usr/local/lib\n/opt/homebrew/lib\n/usr/local/lib\n/opt/homebrew/lib",
					/usr/local/lib,
				);
				MACOSX_DEPLOYMENT_TARGET = 14.0;
				MTL_ENABLE_DEBUG_INFO = YES;
				ONLY_ACTIVE_ARCH = YES;
			};
			name = Debug;
		};
		302BFCBA1C215C140063E0D2 /* Release */ = {
			isa = XCBuildConfiguration;
			buildSettings = {
				ALWAYS_SEARCH_USER_PATHS = NO;
				CLANG_ANALYZER_LOCALIZABILITY_NONLOCALIZED = YES;
				CLANG_CXX_LANGUAGE_STANDARD = "c++17";
				CLANG_CXX_LIBRARY = "libc++";
				CLANG_ENABLE_MODULES = YES;
				CLANG_ENABLE_OBJC_ARC = YES;
				CLANG_WARN_BLOCK_CAPTURE_AUTORELEASING = YES;
				CLANG_WARN_BOOL_CONVERSION = YES;
				CLANG_WARN_COMMA = YES;
				CLANG_WARN_CONSTANT_CONVERSION = YES;
				CLANG_WARN_DEPRECATED_OBJC_IMPLEMENTATIONS = YES;
				CLANG_WARN_DIRECT_OBJC_ISA_USAGE = YES_ERROR;
				CLANG_WARN_EMPTY_BODY = YES;
				CLANG_WARN_ENUM_CONVERSION = YES;
				CLANG_WARN_INFINITE_RECURSION = YES;
				CLANG_WARN_INT_CONVERSION = YES;
				CLANG_WARN_NON_LITERAL_NULL_CONVERSION = YES;
				CLANG_WARN_OBJC_IMPLICIT_RETAIN_SELF = YES;
				CLANG_WARN_OBJC_LITERAL_CONVERSION = YES;
				CLANG_WARN_OBJC_ROOT_CLASS = YES_ERROR;
				CLANG_WARN_QUOTED_INCLUDE_IN_FRAMEWORK_HEADER = YES;
				CLANG_WARN_RANGE_LOOP_ANALYSIS = YES;
				CLANG_WARN_STRICT_PROTOTYPES = YES;
				CLANG_WARN_SUSPICIOUS_MOVE = YES;
				CLANG_WARN_UNREACHABLE_CODE = YES;
				CLANG_WARN__DUPLICATE_METHOD_MATCH = YES;
				CODE_SIGN_IDENTITY = "-";
				COPY_PHASE_STRIP = NO;
				DEAD_CODE_STRIPPING = YES;
				DEBUG_INFORMATION_FORMAT = "dwarf-with-dsym";
				ENABLE_NS_ASSERTIONS = NO;
				ENABLE_STRICT_OBJC_MSGSEND = YES;
				ENABLE_USER_SCRIPT_SANDBOXING = YES;
				GCC_C_LANGUAGE_STANDARD = c17;
				GCC_NO_COMMON_BLOCKS = YES;
				GCC_WARN_64_TO_32_BIT_CONVERSION = YES;
				GCC_WARN_ABOUT_RETURN_TYPE = YES_ERROR;
				GCC_WARN_UNDECLARED_SELECTOR = YES;
				GCC_WARN_UNINITIALIZED_AUTOS = YES_AGGRESSIVE;
				GCC_WARN_UNUSED_FUNCTION = YES;
				GCC_WARN_UNUSED_VARIABLE = YES;
				LIBRARY_SEARCH_PATHS = (
					"/opt/homebrew/lib\n/usr/local/lib\n/opt/homebrew/lib\n/usr/local/lib\n/opt/homebrew/lib",
					/usr/local/lib,
				);
				MACOSX_DEPLOYMENT_TARGET = 14.0;
				MTL_ENABLE_DEBUG_INFO = NO;
				ONLY_ACTIVE_ARCH = YES;
			};
			name = Release;
		};
		302BFCBC1C215C140063E0D2 /* Debug */ = {
			isa = XCBuildConfiguration;
			buildSettings = {
				CLANG_CXX_LIBRARY = "compiler-default";
				DEAD_CODE_STRIPPING = YES;
				HEADER_SEARCH_PATHS = (
					../../../Build/Xcode/libtiff,
					../../../IccProfLib,
					/usr/local/include,
				);
				LIBRARY_SEARCH_PATHS = (
					"$(inherited)",
					../../../Build/Xcode/libtiff,
					../../../Build/Xcode/lib,
					/usr/local/lib,
					/usr/local/Cellar/xz/5.4.6/lib,
					"$(USER_LIBRARY_DIR)/Caches/Homebrew/Backup/lib",
				);
				PRODUCT_NAME = "$(TARGET_NAME)";
			};
			name = Debug;
		};
		302BFCBD1C215C140063E0D2 /* Release */ = {
			isa = XCBuildConfiguration;
			buildSettings = {
				CLANG_CXX_LIBRARY = "compiler-default";
				DEAD_CODE_STRIPPING = YES;
				HEADER_SEARCH_PATHS = (
					../../../Build/Xcode/libtiff,
					../../../IccProfLib,
					/usr/local/include,
				);
				LIBRARY_SEARCH_PATHS = (
					"$(inherited)",
					../../../Build/Xcode/libtiff,
					../../../Build/Xcode/lib,
					/usr/local/lib,
					/usr/local/Cellar/xz/5.4.6/lib,
					"$(USER_LIBRARY_DIR)/Caches/Homebrew/Backup/lib",
				);
				PRODUCT_NAME = "$(TARGET_NAME)";
			};
			name = Release;
		};
/* End XCBuildConfiguration section */

/* Begin XCConfigurationList section */
		302BFCAF1C215C140063E0D2 /* Build configuration list for PBXProject "iccApplyProfiles" */ = {
			isa = XCConfigurationList;
			buildConfigurations = (
				302BFCB91C215C140063E0D2 /* Debug */,
				302BFCBA1C215C140063E0D2 /* Release */,
			);
			defaultConfigurationIsVisible = 0;
			defaultConfigurationName = Release;
		};
		302BFCBB1C215C140063E0D2 /* Build configuration list for PBXNativeTarget "iccApplyProfiles" */ = {
			isa = XCConfigurationList;
			buildConfigurations = (
				302BFCBC1C215C140063E0D2 /* Debug */,
				302BFCBD1C215C140063E0D2 /* Release */,
			);
			defaultConfigurationIsVisible = 0;
			defaultConfigurationName = Release;
		};
/* End XCConfigurationList section */
	};
	rootObject = 302BFCAC1C215C140063E0D2 /* Project object */;
}
